PODS:
  - AWSAuthCore (2.25.0):
    - AWSCore (= 2.25.0)
  - AWSCognitoIdentityProvider (2.25.0):
    - AWSCognitoIdentityProviderASF (= 2.25.0)
    - AWSCore (= 2.25.0)
  - AWSCognitoIdentityProviderASF (2.25.0)
  - AWSCore (2.25.0)
  - AWSMobileClient (2.25.0):
    - AWSAuthCore (= 2.25.0)
    - AWSCognitoIdentityProvider (= 2.25.0)
    - AWSCognitoIdentityProviderASF (= 2.25.0)
    - AWSCore (= 2.25.0)
  - Stripe (23.13.0):
    - StripeApplePay (= 23.13.0)
    - StripeCore (= 23.13.0)
    - StripePayments (= 23.13.0)
    - StripePaymentsUI (= 23.13.0)
    - StripeUICore (= 23.13.0)
  - StripeApplePay (23.13.0):
    - StripeCore (= 23.13.0)
  - StripeCore (23.13.0)
  - StripePayments (23.13.0):
    - StripeCore (= 23.13.0)
    - StripePayments/Stripe3DS2 (= 23.13.0)
  - StripePayments/Stripe3DS2 (23.13.0):
    - StripeCore (= 23.13.0)
  - StripePaymentSheet (23.13.0):
    - StripeApplePay (= 23.13.0)
    - StripeCore (= 23.13.0)
    - StripePayments (= 23.13.0)
    - StripePaymentsUI (= 23.13.0)
  - StripePaymentsUI (23.13.0):
    - StripeCore (= 23.13.0)
    - StripePayments (= 23.13.0)
    - StripeUICore (= 23.13.0)
  - StripeUICore (23.13.0):
    - StripeCore (= 23.13.0)
  - TwilioCommonLib (2.0.2)
  - TwilioConversationsClient (4.0.2):
    - TwilioTwilsockLib (= 2.0.2)
  - TwilioStateMachine (2.0.2)
  - TwilioTwilsockLib (2.0.2):
    - TwilioCommonLib (= 2.0.2)
    - TwilioStateMachine (= 2.0.2)
  - TwilioVideo (5.5.0)
  - TwilioVoice (6.8.1)

DEPENDENCIES:
  - AWSMobileClient (~> 2.25.0)
  - Stripe
  - StripePaymentSheet
  - TwilioConversationsClient
  - TwilioVideo
  - TwilioVoice

SPEC REPOS:
  trunk:
    - AWSAuthCore
    - AWSCognitoIdentityProvider
    - AWSCognitoIdentityProviderASF
    - AWSCore
    - AWSMobileClient
    - Stripe
    - StripeApplePay
    - StripeCore
    - StripePayments
    - StripePaymentSheet
    - StripePaymentsUI
    - StripeUICore
    - TwilioCommonLib
    - TwilioConversationsClient
    - TwilioStateMachine
    - TwilioTwilsockLib
    - TwilioVideo
    - TwilioVoice

SPEC CHECKSUMS:
  AWSAuthCore: c1ea75ec283e5ac3eb042de21f7ab127ad50de11
  AWSCognitoIdentityProvider: f52be11a4b2f2e9971ef0559da24e288d5c28869
  AWSCognitoIdentityProviderASF: d58893fe74d0db1817e77592eed30c4f5b5a2672
  AWSCore: 9c51a3004e9e91528160ea978fd0c5d92780a45e
  AWSMobileClient: b4480d4b69b1ae52a76588f74bf9c936f7600e46
  Stripe: ee21be55cfcd4b4797486b1afaeb0d822d7ae8fd
  StripeApplePay: 70a263e288bcf4e2011cf4027a2fc0813a6f8c09
  StripeCore: 0f01d8c435d94b9e6bf937006a6144544e580c90
  StripePayments: 47e26bb98818fbdc331cec8cb11a03c08f47305b
  StripePaymentSheet: ca5ba76d1957a18077a5d83bff8b2aaf3f772973
  StripePaymentsUI: 58029c55b661c176c8d2e406393fff9eb46bb8ce
  StripeUICore: 171fcf535c658ee1ebd7aaf08fa6a0eceb3fb3db
  TwilioCommonLib: cd0b6ced22d1a9a6fc9df813bd03aff113ceb91c
  TwilioConversationsClient: 892799e4a794cc3edc112594c0c7f03fc447e776
  TwilioStateMachine: 83d99bcb38d6133dd4f01f87464bd297f9f6c41b
  TwilioTwilsockLib: 2ac549121dddaafdd24e36f3a44b2b14eff7f540
  TwilioVideo: 4da3eb08eb3a318584c48de58a2cf144c02dc5fd
  TwilioVoice: ff97d9884a575ceb9c31e9a63a7924753badeba7

PODFILE CHECKSUM: 15e9134d537e03193a4204410462c8db3b071579

COCOAPODS: 1.15.2
