// !$*UTF8*$!
{
	archiveVersion = 1;
	classes = {
	};
	objectVersion = 56;
	objects = {

/* Begin PBXBuildFile section */
		15D3C8F3B2B1FAD393C29BA8 /* Pods_Template.framework in Frameworks */ = {isa = PBXBuildFile; fileRef = 4121D4D501849EFEDE8EDD83 /* Pods_Template.framework */; };
		400F6054E631F4F23CF11662 /* Pods_TemplateTests.framework in Frameworks */ = {isa = PBXBuildFile; fileRef = 8D8F88D288926250E58CF3A6 /* Pods_TemplateTests.framework */; };
		737734696BA1600FC3275C1D /* Pods_Template_TemplateUITests.framework in Frameworks */ = {isa = PBXBuildFile; fileRef = B922F7D955101843620EB6CA /* Pods_Template_TemplateUITests.framework */; };
		CEF2080D2BFADF0100212C47 /* TemplateApp.swift in Sources */ = {isa = PBXBuildFile; fileRef = CEF2080C2BFADF0100212C47 /* TemplateApp.swift */; };
		CEF2080F2BFADF0100212C47 /* ContentView.swift in Sources */ = {isa = PBXBuildFile; fileRef = CEF2080E2BFADF0100212C47 /* ContentView.swift */; };
		CEF208112BFADF0400212C47 /* Assets.xcassets in Resources */ = {isa = PBXBuildFile; fileRef = CEF208102BFADF0400212C47 /* Assets.xcassets */; };
		CEF208142BFADF0400212C47 /* Preview Assets.xcassets in Resources */ = {isa = PBXBuildFile; fileRef = CEF208132BFADF0400212C47 /* Preview Assets.xcassets */; };
		CEF2081E2BFADF0400212C47 /* TemplateTests.swift in Sources */ = {isa = PBXBuildFile; fileRef = CEF2081D2BFADF0400212C47 /* TemplateTests.swift */; };
		CEF208282BFADF0400212C47 /* TemplateUITests.swift in Sources */ = {isa = PBXBuildFile; fileRef = CEF208272BFADF0400212C47 /* TemplateUITests.swift */; };
		CEF2082A2BFADF0400212C47 /* TemplateUITestsLaunchTests.swift in Sources */ = {isa = PBXBuildFile; fileRef = CEF208292BFADF0400212C47 /* TemplateUITestsLaunchTests.swift */; };
		CEF208372BFC1EDA00212C47 /* HomeScreen.swift in Sources */ = {isa = PBXBuildFile; fileRef = CEF208362BFC1EDA00212C47 /* HomeScreen.swift */; };
		CEF208392BFC1F0400212C47 /* FeaturesScreen.swift in Sources */ = {isa = PBXBuildFile; fileRef = CEF208382BFC1F0400212C47 /* FeaturesScreen.swift */; };
		CEF208762BFFD4D300212C47 /* NetworkManager.swift in Sources */ = {isa = PBXBuildFile; fileRef = CEF208752BFFD4D200212C47 /* NetworkManager.swift */; };
		CEF208782BFFD57D00212C47 /* Todo.swift in Sources */ = {isa = PBXBuildFile; fileRef = CEF208772BFFD57D00212C47 /* Todo.swift */; };
		CEF2087B2BFFD5C500212C47 /* JSONPlaceholderRepo.swift in Sources */ = {isa = PBXBuildFile; fileRef = CEF2087A2BFFD5C500212C47 /* JSONPlaceholderRepo.swift */; };
		CEF2087D2BFFD67800212C47 /* FeaturesViewModel.swift in Sources */ = {isa = PBXBuildFile; fileRef = CEF2087C2BFFD67800212C47 /* FeaturesViewModel.swift */; };
		CEF208832C00D70D00212C47 /* ProfileScreen.swift in Sources */ = {isa = PBXBuildFile; fileRef = CEF208822C00D70D00212C47 /* ProfileScreen.swift */; };
		CEF208852C03CE1100212C47 /* awsconfiguration.json in Resources */ = {isa = PBXBuildFile; fileRef = CEF208842C03CE1100212C47 /* awsconfiguration.json */; };
		CEF208872C03D97000212C47 /* AppDelegate.swift in Sources */ = {isa = PBXBuildFile; fileRef = CEF208862C03D97000212C47 /* AppDelegate.swift */; };
		CEF208892C03DF7600212C47 /* UserRepo.swift in Sources */ = {isa = PBXBuildFile; fileRef = CEF208882C03DF7600212C47 /* UserRepo.swift */; };
		CEF2088B2C03E33E00212C47 /* AWSMobileClientResponse.swift in Sources */ = {isa = PBXBuildFile; fileRef = CEF2088A2C03E33E00212C47 /* AWSMobileClientResponse.swift */; };
		CEF2088E2C03E3D400212C47 /* AuthHubScreen.swift in Sources */ = {isa = PBXBuildFile; fileRef = CEF2088D2C03E3D400212C47 /* AuthHubScreen.swift */; };
		CEF208912C03E4F800212C47 /* Constants.swift in Sources */ = {isa = PBXBuildFile; fileRef = CEF208902C03E4F800212C47 /* Constants.swift */; };
		CEF208932C04A97A00212C47 /* TabBarManager.swift in Sources */ = {isa = PBXBuildFile; fileRef = CEF208922C04A97A00212C47 /* TabBarManager.swift */; };
		CEF208962C04AB4E00212C47 /* SnagScreen.swift in Sources */ = {isa = PBXBuildFile; fileRef = CEF208952C04AB4E00212C47 /* SnagScreen.swift */; };
		CEF2089A2C04DBD700212C47 /* BackButton.swift in Sources */ = {isa = PBXBuildFile; fileRef = CEF208992C04DBD700212C47 /* BackButton.swift */; };
		CEF2089D2C04DE1B00212C47 /* AddNewUserInfoScreen.swift in Sources */ = {isa = PBXBuildFile; fileRef = CEF2089C2C04DE1B00212C47 /* AddNewUserInfoScreen.swift */; };
		CEF208A22C04E77800212C47 /* EnterPasswordScreen.swift in Sources */ = {isa = PBXBuildFile; fileRef = CEF208A12C04E77800212C47 /* EnterPasswordScreen.swift */; };
		CEF208A42C04E84900212C47 /* AuthHubViewModel.swift in Sources */ = {isa = PBXBuildFile; fileRef = CEF208A32C04E84900212C47 /* AuthHubViewModel.swift */; };
		CEF208A72C04EC5000212C47 /* LoadingButton.swift in Sources */ = {isa = PBXBuildFile; fileRef = CEF208A62C04EC5000212C47 /* LoadingButton.swift */; };
		CEF208AE2C0553D700212C47 /* CodeVerificationScreen.swift in Sources */ = {isa = PBXBuildFile; fileRef = CEF208AD2C0553D700212C47 /* CodeVerificationScreen.swift */; };
		CEF208B22C055EF400212C47 /* CodeVerificationViewModel.swift in Sources */ = {isa = PBXBuildFile; fileRef = CEF208B12C055EF400212C47 /* CodeVerificationViewModel.swift */; };
		CEF208B42C055EFF00212C47 /* EnterPasswordViewModel.swift in Sources */ = {isa = PBXBuildFile; fileRef = CEF208B32C055EFF00212C47 /* EnterPasswordViewModel.swift */; };
		CEF208B62C055F0E00212C47 /* AddNewUserInfoViewModel.swift in Sources */ = {isa = PBXBuildFile; fileRef = CEF208B52C055F0E00212C47 /* AddNewUserInfoViewModel.swift */; };
		CEF208B82C05674A00212C47 /* Helpers.swift in Sources */ = {isa = PBXBuildFile; fileRef = CEF208B72C05674A00212C47 /* Helpers.swift */; };
		CEF208BA2C0577AF00212C47 /* ProfileViewModel.swift in Sources */ = {isa = PBXBuildFile; fileRef = CEF208B92C0577AF00212C47 /* ProfileViewModel.swift */; };
		CEF208BC2C092EE800212C47 /* AdminReadUserResponse.swift in Sources */ = {isa = PBXBuildFile; fileRef = CEF208BB2C092EE800212C47 /* AdminReadUserResponse.swift */; };
		CEF208BE2C09320900212C47 /* APIGatewayService.swift in Sources */ = {isa = PBXBuildFile; fileRef = CEF208BD2C09320900212C47 /* APIGatewayService.swift */; };
		CEF208C12C0C255400212C47 /* FilterListScreen.swift in Sources */ = {isa = PBXBuildFile; fileRef = CEF208C02C0C255400212C47 /* FilterListScreen.swift */; };
		CEF208C32C0C256500212C47 /* FilterListViewModel.swift in Sources */ = {isa = PBXBuildFile; fileRef = CEF208C22C0C256500212C47 /* FilterListViewModel.swift */; };
		CEF208C92C0C2B0000212C47 /* ImagePicker.swift in Sources */ = {isa = PBXBuildFile; fileRef = CEF208C82C0C2B0000212C47 /* ImagePicker.swift */; };
		CEF208CE2C0D234400212C47 /* UIImage+Extensions.swift in Sources */ = {isa = PBXBuildFile; fileRef = CEF208CD2C0D234400212C47 /* UIImage+Extensions.swift */; };
		CEF208D12C0D2F5C00212C47 /* PublicProfileScreen.swift in Sources */ = {isa = PBXBuildFile; fileRef = CEF208D02C0D2F5C00212C47 /* PublicProfileScreen.swift */; };
		CEF208D42C0D2F7000212C47 /* EditProfileScreen.swift in Sources */ = {isa = PBXBuildFile; fileRef = CEF208D32C0D2F7000212C47 /* EditProfileScreen.swift */; };
		CEF208D62C0D2FDE00212C47 /* PublicProfileViewModel.swift in Sources */ = {isa = PBXBuildFile; fileRef = CEF208D52C0D2FDE00212C47 /* PublicProfileViewModel.swift */; };
		CEF208D82C0D346100212C47 /* EditProfileViewModel.swift in Sources */ = {isa = PBXBuildFile; fileRef = CEF208D72C0D346100212C47 /* EditProfileViewModel.swift */; };
		CEF208DA2C0D352500212C47 /* UpdateUserBody.swift in Sources */ = {isa = PBXBuildFile; fileRef = CEF208D92C0D352500212C47 /* UpdateUserBody.swift */; };
		CEF208DC2C0D51E000212C47 /* HorizontalIconButton.swift in Sources */ = {isa = PBXBuildFile; fileRef = CEF208DB2C0D51E000212C47 /* HorizontalIconButton.swift */; };
		CEF208DE2C0D533900212C47 /* MyProfileRow.swift in Sources */ = {isa = PBXBuildFile; fileRef = CEF208DD2C0D533900212C47 /* MyProfileRow.swift */; };
		CEF208E12C0EA4B400212C47 /* LoginAndSecurityScreen.swift in Sources */ = {isa = PBXBuildFile; fileRef = CEF208E02C0EA4B400212C47 /* LoginAndSecurityScreen.swift */; };
		CEF208E42C0EA4D400212C47 /* ResetPasswordScreen.swift in Sources */ = {isa = PBXBuildFile; fileRef = CEF208E32C0EA4D400212C47 /* ResetPasswordScreen.swift */; };
		CEF208E62C0EA4E000212C47 /* ResetPasswordViewModel.swift in Sources */ = {isa = PBXBuildFile; fileRef = CEF208E52C0EA4E000212C47 /* ResetPasswordViewModel.swift */; };
		CEF208E82C0EA4F100212C47 /* LoginAndSecurityViewModel.swift in Sources */ = {isa = PBXBuildFile; fileRef = CEF208E72C0EA4F100212C47 /* LoginAndSecurityViewModel.swift */; };
		CEF208EB2C0EA51200212C47 /* NewPasswordScreen.swift in Sources */ = {isa = PBXBuildFile; fileRef = CEF208EA2C0EA51200212C47 /* NewPasswordScreen.swift */; };
		CEF208ED2C0EA51E00212C47 /* NewPasswordViewModel.swift in Sources */ = {isa = PBXBuildFile; fileRef = CEF208EC2C0EA51E00212C47 /* NewPasswordViewModel.swift */; };
		CEF208F02C0FD2AF00212C47 /* PasswordResetSuccessScreen.swift in Sources */ = {isa = PBXBuildFile; fileRef = CEF208EF2C0FD2AF00212C47 /* PasswordResetSuccessScreen.swift */; };
		CEF208F32C0FD9BC00212C47 /* ExpandableView.swift in Sources */ = {isa = PBXBuildFile; fileRef = CEF208F22C0FD9BC00212C47 /* ExpandableView.swift */; };
		CEF208F62C127E6400212C47 /* ThingScreen.swift in Sources */ = {isa = PBXBuildFile; fileRef = CEF208F52C127E6400212C47 /* ThingScreen.swift */; };
		CEF208F82C127FB300212C47 /* Routes.swift in Sources */ = {isa = PBXBuildFile; fileRef = CEF208F72C127FB300212C47 /* Routes.swift */; };
		CEF208FA2C13ECC000212C47 /* ResetLinkText.swift in Sources */ = {isa = PBXBuildFile; fileRef = CEF208F92C13ECC000212C47 /* ResetLinkText.swift */; };
		CEF208FC2C13EDA000212C47 /* OutlinedButton.swift in Sources */ = {isa = PBXBuildFile; fileRef = CEF208FB2C13EDA000212C47 /* OutlinedButton.swift */; };
		CEF208FE2C14CDC000212C47 /* ThingBuilderScreen.swift in Sources */ = {isa = PBXBuildFile; fileRef = CEF208FD2C14CDC000212C47 /* ThingBuilderScreen.swift */; };
		CEF209002C14D0BF00212C47 /* Feature.swift in Sources */ = {isa = PBXBuildFile; fileRef = CEF208FF2C14D0BF00212C47 /* Feature.swift */; };
		CEF209022C14D47700212C47 /* FeatureCard.swift in Sources */ = {isa = PBXBuildFile; fileRef = CEF209012C14D47700212C47 /* FeatureCard.swift */; };
		CEF209042C162AC400212C47 /* ThingTypeScreen.swift in Sources */ = {isa = PBXBuildFile; fileRef = CEF209032C162AC400212C47 /* ThingTypeScreen.swift */; };
		CEF209062C162AD500212C47 /* ThingDescriptionScreen.swift in Sources */ = {isa = PBXBuildFile; fileRef = CEF209052C162AD500212C47 /* ThingDescriptionScreen.swift */; };
		CEF209082C1630F800212C47 /* CheckboxRow.swift in Sources */ = {isa = PBXBuildFile; fileRef = CEF209072C1630F800212C47 /* CheckboxRow.swift */; };
		CEF2090B2C16381F00212C47 /* PersonalInfoScreen.swift in Sources */ = {isa = PBXBuildFile; fileRef = CEF2090A2C16381F00212C47 /* PersonalInfoScreen.swift */; };
		CEF2090D2C16995600212C47 /* ReadUserPrivateResponse.swift in Sources */ = {isa = PBXBuildFile; fileRef = CEF2090C2C16995600212C47 /* ReadUserPrivateResponse.swift */; };
		CEF2090F2C1CBB9200212C47 /* PhoneNumberField.swift in Sources */ = {isa = PBXBuildFile; fileRef = CEF2090E2C1CBB9200212C47 /* PhoneNumberField.swift */; };
		CEF209112C1DA9BD00212C47 /* NetworkModels.swift in Sources */ = {isa = PBXBuildFile; fileRef = CEF209102C1DA9BD00212C47 /* NetworkModels.swift */; };
		CEF209132C1DE86000212C47 /* OutlinedTextField.swift in Sources */ = {isa = PBXBuildFile; fileRef = CEF209122C1DE86000212C47 /* OutlinedTextField.swift */; };
		CEF209152C1E285200212C47 /* ThingMethods.swift in Sources */ = {isa = PBXBuildFile; fileRef = CEF209142C1E285200212C47 /* ThingMethods.swift */; };
		CEF209172C1E2B2700212C47 /* BottomsheetField.swift in Sources */ = {isa = PBXBuildFile; fileRef = CEF209162C1E2B2600212C47 /* BottomsheetField.swift */; };
		CEF209192C1E432800212C47 /* ReadUserPublicResponse.swift in Sources */ = {isa = PBXBuildFile; fileRef = CEF209182C1E432800212C47 /* ReadUserPublicResponse.swift */; };
		CEF2091B2C1F76AC00212C47 /* ThingType.swift in Sources */ = {isa = PBXBuildFile; fileRef = CEF2091A2C1F76AC00212C47 /* ThingType.swift */; };
		CEF2091D2C1F775400212C47 /* Thing.swift in Sources */ = {isa = PBXBuildFile; fileRef = CEF2091C2C1F775400212C47 /* Thing.swift */; };
		CEF2091F2C1F796600212C47 /* ThingViewModel.swift in Sources */ = {isa = PBXBuildFile; fileRef = CEF2091E2C1F796600212C47 /* ThingViewModel.swift */; };
		CEF209222C1FB90500212C47 /* LoadingScreen.swift in Sources */ = {isa = PBXBuildFile; fileRef = CEF209212C1FB90500212C47 /* LoadingScreen.swift */; };
		CEF209252C21266200212C47 /* PaymentsHubScreen.swift in Sources */ = {isa = PBXBuildFile; fileRef = CEF209242C21266200212C47 /* PaymentsHubScreen.swift */; };
		CEF209282C21275300212C47 /* HeadingText.swift in Sources */ = {isa = PBXBuildFile; fileRef = CEF209272C21275300212C47 /* HeadingText.swift */; };
		CEF2092A2C21289800212C47 /* PaymentMethodsScreen.swift in Sources */ = {isa = PBXBuildFile; fileRef = CEF209292C21289800212C47 /* PaymentMethodsScreen.swift */; };
		CEF2092C2C2128BC00212C47 /* YourPaymentsScreen.swift in Sources */ = {isa = PBXBuildFile; fileRef = CEF2092B2C2128BC00212C47 /* YourPaymentsScreen.swift */; };
		CEF2092E2C2128F500212C47 /* PayoutMethodsScreen.swift in Sources */ = {isa = PBXBuildFile; fileRef = CEF2092D2C2128F500212C47 /* PayoutMethodsScreen.swift */; };
		CEF209302C227F6A00212C47 /* CreateThingResponse.swift in Sources */ = {isa = PBXBuildFile; fileRef = CEF2092F2C227F6900212C47 /* CreateThingResponse.swift */; };
		CEF209322C227FA300212C47 /* ThingRepository.swift in Sources */ = {isa = PBXBuildFile; fileRef = CEF209312C227FA300212C47 /* ThingRepository.swift */; };
		CEF209342C232F8D00212C47 /* Properties.plist in Resources */ = {isa = PBXBuildFile; fileRef = CEF209332C232F8D00212C47 /* Properties.plist */; };
		CEF209372C2378F900212C47 /* UIKitViewScreen.swift in Sources */ = {isa = PBXBuildFile; fileRef = CEF209362C2378F900212C47 /* UIKitViewScreen.swift */; };
		CEF209392C2379AE00212C47 /* UIKitViewController.swift in Sources */ = {isa = PBXBuildFile; fileRef = CEF209382C2379AE00212C47 /* UIKitViewController.swift */; };
		CEF2093B2C237B7900212C47 /* ThingIntroScreen.swift in Sources */ = {isa = PBXBuildFile; fileRef = CEF2093A2C237B7900212C47 /* ThingIntroScreen.swift */; };
		CEF2093D2C23C2E700212C47 /* APIGatewayService+Admin.swift in Sources */ = {isa = PBXBuildFile; fileRef = CEF2093C2C23C2E700212C47 /* APIGatewayService+Admin.swift */; };
		CEF2093F2C23C34500212C47 /* APIGatewayService+Private.swift in Sources */ = {isa = PBXBuildFile; fileRef = CEF2093E2C23C34500212C47 /* APIGatewayService+Private.swift */; };
		CEF209412C23C39100212C47 /* APIGatewayService+Public.swift in Sources */ = {isa = PBXBuildFile; fileRef = CEF209402C23C39100212C47 /* APIGatewayService+Public.swift */; };
		CEF209432C23C9AC00212C47 /* AdminDisableUserResponse.swift in Sources */ = {isa = PBXBuildFile; fileRef = CEF209422C23C9AC00212C47 /* AdminDisableUserResponse.swift */; };
		CEF209452C23CA2000212C47 /* AdminEnableUserResponse.swift in Sources */ = {isa = PBXBuildFile; fileRef = CEF209442C23CA2000212C47 /* AdminEnableUserResponse.swift */; };
		CEF209472C23D75200212C47 /* AdminDeleteUserResponse.swift in Sources */ = {isa = PBXBuildFile; fileRef = CEF209462C23D75200212C47 /* AdminDeleteUserResponse.swift */; };
		CEF209492C24EEA300212C47 /* UpdateUserPrivateResponse.swift in Sources */ = {isa = PBXBuildFile; fileRef = CEF209482C24EEA300212C47 /* UpdateUserPrivateResponse.swift */; };
		CEF2094B2C26EEBD00212C47 /* CodeField.swift in Sources */ = {isa = PBXBuildFile; fileRef = CEF2094A2C26EEBD00212C47 /* CodeField.swift */; };
/* End PBXBuildFile section */

/* Begin PBXContainerItemProxy section */
		CEF2081A2BFADF0400212C47 /* PBXContainerItemProxy */ = {
			isa = PBXContainerItemProxy;
			containerPortal = CEF208012BFADF0100212C47 /* Project object */;
			proxyType = 1;
			remoteGlobalIDString = CEF208082BFADF0100212C47;
			remoteInfo = Template;
		};
		CEF208242BFADF0400212C47 /* PBXContainerItemProxy */ = {
			isa = PBXContainerItemProxy;
			containerPortal = CEF208012BFADF0100212C47 /* Project object */;
			proxyType = 1;
			remoteGlobalIDString = CEF208082BFADF0100212C47;
			remoteInfo = Template;
		};
/* End PBXContainerItemProxy section */

/* Begin PBXFileReference section */
		0060027214131DFD7E0D6BB6 /* Pods-TemplateTests.release.xcconfig */ = {isa = PBXFileReference; includeInIndex = 1; lastKnownFileType = text.xcconfig; name = "Pods-TemplateTests.release.xcconfig"; path = "Target Support Files/Pods-TemplateTests/Pods-TemplateTests.release.xcconfig"; sourceTree = "<group>"; };
		25775AFFFA2829D583ECA80E /* Pods-Template-TemplateUITests.release.xcconfig */ = {isa = PBXFileReference; includeInIndex = 1; lastKnownFileType = text.xcconfig; name = "Pods-Template-TemplateUITests.release.xcconfig"; path = "Target Support Files/Pods-Template-TemplateUITests/Pods-Template-TemplateUITests.release.xcconfig"; sourceTree = "<group>"; };
		4121D4D501849EFEDE8EDD83 /* Pods_Template.framework */ = {isa = PBXFileReference; explicitFileType = wrapper.framework; includeInIndex = 0; path = Pods_Template.framework; sourceTree = BUILT_PRODUCTS_DIR; };
		6796334C6731ACC1EF9B0495 /* Pods-Template-TemplateUITests.debug.xcconfig */ = {isa = PBXFileReference; includeInIndex = 1; lastKnownFileType = text.xcconfig; name = "Pods-Template-TemplateUITests.debug.xcconfig"; path = "Target Support Files/Pods-Template-TemplateUITests/Pods-Template-TemplateUITests.debug.xcconfig"; sourceTree = "<group>"; };
		7BF9258663BE21C5EA19AE8A /* Pods-Template.debug.xcconfig */ = {isa = PBXFileReference; includeInIndex = 1; lastKnownFileType = text.xcconfig; name = "Pods-Template.debug.xcconfig"; path = "Target Support Files/Pods-Template/Pods-Template.debug.xcconfig"; sourceTree = "<group>"; };
		812AEF9E44A4EE73087A1723 /* Pods-TemplateTests.debug.xcconfig */ = {isa = PBXFileReference; includeInIndex = 1; lastKnownFileType = text.xcconfig; name = "Pods-TemplateTests.debug.xcconfig"; path = "Target Support Files/Pods-TemplateTests/Pods-TemplateTests.debug.xcconfig"; sourceTree = "<group>"; };
		8D8F88D288926250E58CF3A6 /* Pods_TemplateTests.framework */ = {isa = PBXFileReference; explicitFileType = wrapper.framework; includeInIndex = 0; path = Pods_TemplateTests.framework; sourceTree = BUILT_PRODUCTS_DIR; };
		977C1EF09600D4BCA5E6AA4E /* Pods-Template.release.xcconfig */ = {isa = PBXFileReference; includeInIndex = 1; lastKnownFileType = text.xcconfig; name = "Pods-Template.release.xcconfig"; path = "Target Support Files/Pods-Template/Pods-Template.release.xcconfig"; sourceTree = "<group>"; };
		B922F7D955101843620EB6CA /* Pods_Template_TemplateUITests.framework */ = {isa = PBXFileReference; explicitFileType = wrapper.framework; includeInIndex = 0; path = Pods_Template_TemplateUITests.framework; sourceTree = BUILT_PRODUCTS_DIR; };
		CEF208092BFADF0100212C47 /* Template.app */ = {isa = PBXFileReference; explicitFileType = wrapper.application; includeInIndex = 0; path = Template.app; sourceTree = BUILT_PRODUCTS_DIR; };
		CEF2080C2BFADF0100212C47 /* TemplateApp.swift */ = {isa = PBXFileReference; lastKnownFileType = sourcecode.swift; path = TemplateApp.swift; sourceTree = "<group>"; };
		CEF2080E2BFADF0100212C47 /* ContentView.swift */ = {isa = PBXFileReference; lastKnownFileType = sourcecode.swift; path = ContentView.swift; sourceTree = "<group>"; };
		CEF208102BFADF0400212C47 /* Assets.xcassets */ = {isa = PBXFileReference; lastKnownFileType = folder.assetcatalog; path = Assets.xcassets; sourceTree = "<group>"; };
		CEF208132BFADF0400212C47 /* Preview Assets.xcassets */ = {isa = PBXFileReference; lastKnownFileType = folder.assetcatalog; path = "Preview Assets.xcassets"; sourceTree = "<group>"; };
		CEF208192BFADF0400212C47 /* TemplateTests.xctest */ = {isa = PBXFileReference; explicitFileType = wrapper.cfbundle; includeInIndex = 0; path = TemplateTests.xctest; sourceTree = BUILT_PRODUCTS_DIR; };
		CEF2081D2BFADF0400212C47 /* TemplateTests.swift */ = {isa = PBXFileReference; lastKnownFileType = sourcecode.swift; path = TemplateTests.swift; sourceTree = "<group>"; };
		CEF208232BFADF0400212C47 /* TemplateUITests.xctest */ = {isa = PBXFileReference; explicitFileType = wrapper.cfbundle; includeInIndex = 0; path = TemplateUITests.xctest; sourceTree = BUILT_PRODUCTS_DIR; };
		CEF208272BFADF0400212C47 /* TemplateUITests.swift */ = {isa = PBXFileReference; lastKnownFileType = sourcecode.swift; path = TemplateUITests.swift; sourceTree = "<group>"; };
		CEF208292BFADF0400212C47 /* TemplateUITestsLaunchTests.swift */ = {isa = PBXFileReference; lastKnownFileType = sourcecode.swift; path = TemplateUITestsLaunchTests.swift; sourceTree = "<group>"; };
		CEF208362BFC1EDA00212C47 /* HomeScreen.swift */ = {isa = PBXFileReference; lastKnownFileType = sourcecode.swift; path = HomeScreen.swift; sourceTree = "<group>"; };
		CEF208382BFC1F0400212C47 /* FeaturesScreen.swift */ = {isa = PBXFileReference; lastKnownFileType = sourcecode.swift; path = FeaturesScreen.swift; sourceTree = "<group>"; };
		CEF208752BFFD4D200212C47 /* NetworkManager.swift */ = {isa = PBXFileReference; lastKnownFileType = sourcecode.swift; path = NetworkManager.swift; sourceTree = "<group>"; };
		CEF208772BFFD57D00212C47 /* Todo.swift */ = {isa = PBXFileReference; lastKnownFileType = sourcecode.swift; path = Todo.swift; sourceTree = "<group>"; };
		CEF2087A2BFFD5C500212C47 /* JSONPlaceholderRepo.swift */ = {isa = PBXFileReference; lastKnownFileType = sourcecode.swift; path = JSONPlaceholderRepo.swift; sourceTree = "<group>"; };
		CEF2087C2BFFD67800212C47 /* FeaturesViewModel.swift */ = {isa = PBXFileReference; lastKnownFileType = sourcecode.swift; path = FeaturesViewModel.swift; sourceTree = "<group>"; };
		CEF208822C00D70D00212C47 /* ProfileScreen.swift */ = {isa = PBXFileReference; lastKnownFileType = sourcecode.swift; path = ProfileScreen.swift; sourceTree = "<group>"; };
		CEF208842C03CE1100212C47 /* awsconfiguration.json */ = {isa = PBXFileReference; lastKnownFileType = text.json; path = awsconfiguration.json; sourceTree = "<group>"; };
		CEF208862C03D97000212C47 /* AppDelegate.swift */ = {isa = PBXFileReference; lastKnownFileType = sourcecode.swift; path = AppDelegate.swift; sourceTree = "<group>"; };
		CEF208882C03DF7600212C47 /* UserRepo.swift */ = {isa = PBXFileReference; lastKnownFileType = sourcecode.swift; path = UserRepo.swift; sourceTree = "<group>"; };
		CEF2088A2C03E33E00212C47 /* AWSMobileClientResponse.swift */ = {isa = PBXFileReference; lastKnownFileType = sourcecode.swift; path = AWSMobileClientResponse.swift; sourceTree = "<group>"; };
		CEF2088D2C03E3D400212C47 /* AuthHubScreen.swift */ = {isa = PBXFileReference; lastKnownFileType = sourcecode.swift; path = AuthHubScreen.swift; sourceTree = "<group>"; };
		CEF208902C03E4F800212C47 /* Constants.swift */ = {isa = PBXFileReference; lastKnownFileType = sourcecode.swift; path = Constants.swift; sourceTree = "<group>"; };
		CEF208922C04A97A00212C47 /* TabBarManager.swift */ = {isa = PBXFileReference; lastKnownFileType = sourcecode.swift; path = TabBarManager.swift; sourceTree = "<group>"; };
		CEF208952C04AB4E00212C47 /* SnagScreen.swift */ = {isa = PBXFileReference; lastKnownFileType = sourcecode.swift; path = SnagScreen.swift; sourceTree = "<group>"; };
		CEF208992C04DBD700212C47 /* BackButton.swift */ = {isa = PBXFileReference; lastKnownFileType = sourcecode.swift; path = BackButton.swift; sourceTree = "<group>"; };
		CEF2089C2C04DE1B00212C47 /* AddNewUserInfoScreen.swift */ = {isa = PBXFileReference; lastKnownFileType = sourcecode.swift; path = AddNewUserInfoScreen.swift; sourceTree = "<group>"; };
		CEF208A12C04E77800212C47 /* EnterPasswordScreen.swift */ = {isa = PBXFileReference; lastKnownFileType = sourcecode.swift; path = EnterPasswordScreen.swift; sourceTree = "<group>"; };
		CEF208A32C04E84900212C47 /* AuthHubViewModel.swift */ = {isa = PBXFileReference; lastKnownFileType = sourcecode.swift; path = AuthHubViewModel.swift; sourceTree = "<group>"; };
		CEF208A62C04EC5000212C47 /* LoadingButton.swift */ = {isa = PBXFileReference; lastKnownFileType = sourcecode.swift; path = LoadingButton.swift; sourceTree = "<group>"; };
		CEF208AD2C0553D700212C47 /* CodeVerificationScreen.swift */ = {isa = PBXFileReference; lastKnownFileType = sourcecode.swift; path = CodeVerificationScreen.swift; sourceTree = "<group>"; };
		CEF208B12C055EF400212C47 /* CodeVerificationViewModel.swift */ = {isa = PBXFileReference; lastKnownFileType = sourcecode.swift; path = CodeVerificationViewModel.swift; sourceTree = "<group>"; };
		CEF208B32C055EFF00212C47 /* EnterPasswordViewModel.swift */ = {isa = PBXFileReference; lastKnownFileType = sourcecode.swift; path = EnterPasswordViewModel.swift; sourceTree = "<group>"; };
		CEF208B52C055F0E00212C47 /* AddNewUserInfoViewModel.swift */ = {isa = PBXFileReference; lastKnownFileType = sourcecode.swift; path = AddNewUserInfoViewModel.swift; sourceTree = "<group>"; };
		CEF208B72C05674A00212C47 /* Helpers.swift */ = {isa = PBXFileReference; lastKnownFileType = sourcecode.swift; path = Helpers.swift; sourceTree = "<group>"; };
		CEF208B92C0577AF00212C47 /* ProfileViewModel.swift */ = {isa = PBXFileReference; lastKnownFileType = sourcecode.swift; path = ProfileViewModel.swift; sourceTree = "<group>"; };
		CEF208BB2C092EE800212C47 /* AdminReadUserResponse.swift */ = {isa = PBXFileReference; lastKnownFileType = sourcecode.swift; path = AdminReadUserResponse.swift; sourceTree = "<group>"; };
		CEF208BD2C09320900212C47 /* APIGatewayService.swift */ = {isa = PBXFileReference; lastKnownFileType = sourcecode.swift; path = APIGatewayService.swift; sourceTree = "<group>"; };
		CEF208C02C0C255400212C47 /* FilterListScreen.swift */ = {isa = PBXFileReference; lastKnownFileType = sourcecode.swift; path = FilterListScreen.swift; sourceTree = "<group>"; };
		CEF208C22C0C256500212C47 /* FilterListViewModel.swift */ = {isa = PBXFileReference; lastKnownFileType = sourcecode.swift; path = FilterListViewModel.swift; sourceTree = "<group>"; };
		CEF208C82C0C2B0000212C47 /* ImagePicker.swift */ = {isa = PBXFileReference; lastKnownFileType = sourcecode.swift; path = ImagePicker.swift; sourceTree = "<group>"; };
		CEF208CD2C0D234400212C47 /* UIImage+Extensions.swift */ = {isa = PBXFileReference; lastKnownFileType = sourcecode.swift; path = "UIImage+Extensions.swift"; sourceTree = "<group>"; };
		CEF208D02C0D2F5C00212C47 /* PublicProfileScreen.swift */ = {isa = PBXFileReference; lastKnownFileType = sourcecode.swift; path = PublicProfileScreen.swift; sourceTree = "<group>"; };
		CEF208D32C0D2F7000212C47 /* EditProfileScreen.swift */ = {isa = PBXFileReference; lastKnownFileType = sourcecode.swift; path = EditProfileScreen.swift; sourceTree = "<group>"; };
		CEF208D52C0D2FDE00212C47 /* PublicProfileViewModel.swift */ = {isa = PBXFileReference; lastKnownFileType = sourcecode.swift; path = PublicProfileViewModel.swift; sourceTree = "<group>"; };
		CEF208D72C0D346100212C47 /* EditProfileViewModel.swift */ = {isa = PBXFileReference; lastKnownFileType = sourcecode.swift; path = EditProfileViewModel.swift; sourceTree = "<group>"; };
		CEF208D92C0D352500212C47 /* UpdateUserBody.swift */ = {isa = PBXFileReference; lastKnownFileType = sourcecode.swift; path = UpdateUserBody.swift; sourceTree = "<group>"; };
		CEF208DB2C0D51E000212C47 /* HorizontalIconButton.swift */ = {isa = PBXFileReference; lastKnownFileType = sourcecode.swift; path = HorizontalIconButton.swift; sourceTree = "<group>"; };
		CEF208DD2C0D533900212C47 /* MyProfileRow.swift */ = {isa = PBXFileReference; lastKnownFileType = sourcecode.swift; path = MyProfileRow.swift; sourceTree = "<group>"; };
		CEF208E02C0EA4B400212C47 /* LoginAndSecurityScreen.swift */ = {isa = PBXFileReference; lastKnownFileType = sourcecode.swift; path = LoginAndSecurityScreen.swift; sourceTree = "<group>"; };
		CEF208E32C0EA4D400212C47 /* ResetPasswordScreen.swift */ = {isa = PBXFileReference; lastKnownFileType = sourcecode.swift; path = ResetPasswordScreen.swift; sourceTree = "<group>"; };
		CEF208E52C0EA4E000212C47 /* ResetPasswordViewModel.swift */ = {isa = PBXFileReference; lastKnownFileType = sourcecode.swift; path = ResetPasswordViewModel.swift; sourceTree = "<group>"; };
		CEF208E72C0EA4F100212C47 /* LoginAndSecurityViewModel.swift */ = {isa = PBXFileReference; lastKnownFileType = sourcecode.swift; path = LoginAndSecurityViewModel.swift; sourceTree = "<group>"; };
		CEF208EA2C0EA51200212C47 /* NewPasswordScreen.swift */ = {isa = PBXFileReference; lastKnownFileType = sourcecode.swift; path = NewPasswordScreen.swift; sourceTree = "<group>"; };
		CEF208EC2C0EA51E00212C47 /* NewPasswordViewModel.swift */ = {isa = PBXFileReference; lastKnownFileType = sourcecode.swift; path = NewPasswordViewModel.swift; sourceTree = "<group>"; };
		CEF208EF2C0FD2AF00212C47 /* PasswordResetSuccessScreen.swift */ = {isa = PBXFileReference; lastKnownFileType = sourcecode.swift; path = PasswordResetSuccessScreen.swift; sourceTree = "<group>"; };
		CEF208F22C0FD9BC00212C47 /* ExpandableView.swift */ = {isa = PBXFileReference; lastKnownFileType = sourcecode.swift; path = ExpandableView.swift; sourceTree = "<group>"; };
		CEF208F52C127E6400212C47 /* ThingScreen.swift */ = {isa = PBXFileReference; lastKnownFileType = sourcecode.swift; path = ThingScreen.swift; sourceTree = "<group>"; };
		CEF208F72C127FB300212C47 /* Routes.swift */ = {isa = PBXFileReference; lastKnownFileType = sourcecode.swift; path = Routes.swift; sourceTree = "<group>"; };
		CEF208F92C13ECC000212C47 /* ResetLinkText.swift */ = {isa = PBXFileReference; lastKnownFileType = sourcecode.swift; path = ResetLinkText.swift; sourceTree = "<group>"; };
		CEF208FB2C13EDA000212C47 /* OutlinedButton.swift */ = {isa = PBXFileReference; lastKnownFileType = sourcecode.swift; path = OutlinedButton.swift; sourceTree = "<group>"; };
		CEF208FD2C14CDC000212C47 /* ThingBuilderScreen.swift */ = {isa = PBXFileReference; lastKnownFileType = sourcecode.swift; path = ThingBuilderScreen.swift; sourceTree = "<group>"; };
		CEF208FF2C14D0BF00212C47 /* Feature.swift */ = {isa = PBXFileReference; lastKnownFileType = sourcecode.swift; path = Feature.swift; sourceTree = "<group>"; };
		CEF209012C14D47700212C47 /* FeatureCard.swift */ = {isa = PBXFileReference; lastKnownFileType = sourcecode.swift; path = FeatureCard.swift; sourceTree = "<group>"; };
		CEF209032C162AC400212C47 /* ThingTypeScreen.swift */ = {isa = PBXFileReference; lastKnownFileType = sourcecode.swift; path = ThingTypeScreen.swift; sourceTree = "<group>"; };
		CEF209052C162AD500212C47 /* ThingDescriptionScreen.swift */ = {isa = PBXFileReference; lastKnownFileType = sourcecode.swift; path = ThingDescriptionScreen.swift; sourceTree = "<group>"; };
		CEF209072C1630F800212C47 /* CheckboxRow.swift */ = {isa = PBXFileReference; lastKnownFileType = sourcecode.swift; path = CheckboxRow.swift; sourceTree = "<group>"; };
		CEF2090A2C16381F00212C47 /* PersonalInfoScreen.swift */ = {isa = PBXFileReference; lastKnownFileType = sourcecode.swift; path = PersonalInfoScreen.swift; sourceTree = "<group>"; };
		CEF2090C2C16995600212C47 /* ReadUserPrivateResponse.swift */ = {isa = PBXFileReference; lastKnownFileType = sourcecode.swift; path = ReadUserPrivateResponse.swift; sourceTree = "<group>"; };
		CEF2090E2C1CBB9200212C47 /* PhoneNumberField.swift */ = {isa = PBXFileReference; lastKnownFileType = sourcecode.swift; path = PhoneNumberField.swift; sourceTree = "<group>"; };
		CEF209102C1DA9BD00212C47 /* NetworkModels.swift */ = {isa = PBXFileReference; lastKnownFileType = sourcecode.swift; path = NetworkModels.swift; sourceTree = "<group>"; };
		CEF209122C1DE86000212C47 /* OutlinedTextField.swift */ = {isa = PBXFileReference; lastKnownFileType = sourcecode.swift; path = OutlinedTextField.swift; sourceTree = "<group>"; };
		CEF209142C1E285200212C47 /* ThingMethods.swift */ = {isa = PBXFileReference; lastKnownFileType = sourcecode.swift; path = ThingMethods.swift; sourceTree = "<group>"; };
		CEF209162C1E2B2600212C47 /* BottomsheetField.swift */ = {isa = PBXFileReference; lastKnownFileType = sourcecode.swift; path = BottomsheetField.swift; sourceTree = "<group>"; };
		CEF209182C1E432800212C47 /* ReadUserPublicResponse.swift */ = {isa = PBXFileReference; lastKnownFileType = sourcecode.swift; path = ReadUserPublicResponse.swift; sourceTree = "<group>"; };
		CEF2091A2C1F76AC00212C47 /* ThingType.swift */ = {isa = PBXFileReference; lastKnownFileType = sourcecode.swift; path = ThingType.swift; sourceTree = "<group>"; };
		CEF2091C2C1F775400212C47 /* Thing.swift */ = {isa = PBXFileReference; lastKnownFileType = sourcecode.swift; path = Thing.swift; sourceTree = "<group>"; };
		CEF2091E2C1F796600212C47 /* ThingViewModel.swift */ = {isa = PBXFileReference; lastKnownFileType = sourcecode.swift; path = ThingViewModel.swift; sourceTree = "<group>"; };
		CEF209212C1FB90500212C47 /* LoadingScreen.swift */ = {isa = PBXFileReference; lastKnownFileType = sourcecode.swift; path = LoadingScreen.swift; sourceTree = "<group>"; };
		CEF209242C21266200212C47 /* PaymentsHubScreen.swift */ = {isa = PBXFileReference; lastKnownFileType = sourcecode.swift; path = PaymentsHubScreen.swift; sourceTree = "<group>"; };
		CEF209272C21275300212C47 /* HeadingText.swift */ = {isa = PBXFileReference; lastKnownFileType = sourcecode.swift; path = HeadingText.swift; sourceTree = "<group>"; };
		CEF209292C21289800212C47 /* PaymentMethodsScreen.swift */ = {isa = PBXFileReference; lastKnownFileType = sourcecode.swift; path = PaymentMethodsScreen.swift; sourceTree = "<group>"; };
		CEF2092B2C2128BC00212C47 /* YourPaymentsScreen.swift */ = {isa = PBXFileReference; lastKnownFileType = sourcecode.swift; path = YourPaymentsScreen.swift; sourceTree = "<group>"; };
		CEF2092D2C2128F500212C47 /* PayoutMethodsScreen.swift */ = {isa = PBXFileReference; lastKnownFileType = sourcecode.swift; path = PayoutMethodsScreen.swift; sourceTree = "<group>"; };
		CEF2092F2C227F6900212C47 /* CreateThingResponse.swift */ = {isa = PBXFileReference; lastKnownFileType = sourcecode.swift; path = CreateThingResponse.swift; sourceTree = "<group>"; };
		CEF209312C227FA300212C47 /* ThingRepository.swift */ = {isa = PBXFileReference; lastKnownFileType = sourcecode.swift; path = ThingRepository.swift; sourceTree = "<group>"; };
		CEF209332C232F8D00212C47 /* Properties.plist */ = {isa = PBXFileReference; lastKnownFileType = text.plist.xml; path = Properties.plist; sourceTree = "<group>"; };
		CEF209362C2378F900212C47 /* UIKitViewScreen.swift */ = {isa = PBXFileReference; lastKnownFileType = sourcecode.swift; path = UIKitViewScreen.swift; sourceTree = "<group>"; };
		CEF209382C2379AE00212C47 /* UIKitViewController.swift */ = {isa = PBXFileReference; lastKnownFileType = sourcecode.swift; path = UIKitViewController.swift; sourceTree = "<group>"; };
		CEF2093A2C237B7900212C47 /* ThingIntroScreen.swift */ = {isa = PBXFileReference; lastKnownFileType = sourcecode.swift; path = ThingIntroScreen.swift; sourceTree = "<group>"; };
		CEF2093C2C23C2E700212C47 /* APIGatewayService+Admin.swift */ = {isa = PBXFileReference; lastKnownFileType = sourcecode.swift; path = "APIGatewayService+Admin.swift"; sourceTree = "<group>"; };
		CEF2093E2C23C34500212C47 /* APIGatewayService+Private.swift */ = {isa = PBXFileReference; lastKnownFileType = sourcecode.swift; path = "APIGatewayService+Private.swift"; sourceTree = "<group>"; };
		CEF209402C23C39100212C47 /* APIGatewayService+Public.swift */ = {isa = PBXFileReference; lastKnownFileType = sourcecode.swift; path = "APIGatewayService+Public.swift"; sourceTree = "<group>"; };
		CEF209422C23C9AC00212C47 /* AdminDisableUserResponse.swift */ = {isa = PBXFileReference; lastKnownFileType = sourcecode.swift; path = AdminDisableUserResponse.swift; sourceTree = "<group>"; };
		CEF209442C23CA2000212C47 /* AdminEnableUserResponse.swift */ = {isa = PBXFileReference; lastKnownFileType = sourcecode.swift; path = AdminEnableUserResponse.swift; sourceTree = "<group>"; };
		CEF209462C23D75200212C47 /* AdminDeleteUserResponse.swift */ = {isa = PBXFileReference; lastKnownFileType = sourcecode.swift; path = AdminDeleteUserResponse.swift; sourceTree = "<group>"; };
		CEF209482C24EEA300212C47 /* UpdateUserPrivateResponse.swift */ = {isa = PBXFileReference; lastKnownFileType = sourcecode.swift; path = UpdateUserPrivateResponse.swift; sourceTree = "<group>"; };
		CEF2094A2C26EEBD00212C47 /* CodeField.swift */ = {isa = PBXFileReference; lastKnownFileType = sourcecode.swift; path = CodeField.swift; sourceTree = "<group>"; };
/* End PBXFileReference section */

/* Begin PBXFrameworksBuildPhase section */
		CEF208062BFADF0100212C47 /* Frameworks */ = {
			isa = PBXFrameworksBuildPhase;
			buildActionMask = 2147483647;
			files = (
				15D3C8F3B2B1FAD393C29BA8 /* Pods_Template.framework in Frameworks */,
			);
			runOnlyForDeploymentPostprocessing = 0;
		};
		CEF208162BFADF0400212C47 /* Frameworks */ = {
			isa = PBXFrameworksBuildPhase;
			buildActionMask = 2147483647;
			files = (
				400F6054E631F4F23CF11662 /* Pods_TemplateTests.framework in Frameworks */,
			);
			runOnlyForDeploymentPostprocessing = 0;
		};
		CEF208202BFADF0400212C47 /* Frameworks */ = {
			isa = PBXFrameworksBuildPhase;
			buildActionMask = 2147483647;
			files = (
				737734696BA1600FC3275C1D /* Pods_Template_TemplateUITests.framework in Frameworks */,
			);
			runOnlyForDeploymentPostprocessing = 0;
		};
/* End PBXFrameworksBuildPhase section */

/* Begin PBXGroup section */
		3B7C131A8990490D5A445F11 /* Frameworks */ = {
			isa = PBXGroup;
			children = (
				4121D4D501849EFEDE8EDD83 /* Pods_Template.framework */,
				B922F7D955101843620EB6CA /* Pods_Template_TemplateUITests.framework */,
				8D8F88D288926250E58CF3A6 /* Pods_TemplateTests.framework */,
			);
			name = Frameworks;
			sourceTree = "<group>";
		};
		CEF208002BFADF0100212C47 = {
			isa = PBXGroup;
			children = (
				CEF2080B2BFADF0100212C47 /* Template */,
				CEF2081C2BFADF0400212C47 /* TemplateTests */,
				CEF208262BFADF0400212C47 /* TemplateUITests */,
				CEF2080A2BFADF0100212C47 /* Products */,
				DED85F0B1E994A6BF9FBA9F1 /* Pods */,
				3B7C131A8990490D5A445F11 /* Frameworks */,
			);
			sourceTree = "<group>";
		};
		CEF2080A2BFADF0100212C47 /* Products */ = {
			isa = PBXGroup;
			children = (
				CEF208092BFADF0100212C47 /* Template.app */,
				CEF208192BFADF0400212C47 /* TemplateTests.xctest */,
				CEF208232BFADF0400212C47 /* TemplateUITests.xctest */,
			);
			name = Products;
			sourceTree = "<group>";
		};
		CEF2080B2BFADF0100212C47 /* Template */ = {
			isa = PBXGroup;
			children = (
				CEF208CC2C0D233200212C47 /* Extensions */,
				CEF208972C04DBC100212C47 /* Components */,
				CEF2088F2C03E4E100212C47 /* Utils */,
				CEF208792BFFD5B100212C47 /* Repos */,
				CEF208742BFFD4C400212C47 /* Networking */,
				CEF208712BFFD4A400212C47 /* Screens */,
				CEF208702BFFD49C00212C47 /* Models */,
				CEF2080C2BFADF0100212C47 /* TemplateApp.swift */,
				CEF2080E2BFADF0100212C47 /* ContentView.swift */,
				CEF208102BFADF0400212C47 /* Assets.xcassets */,
				CEF208122BFADF0400212C47 /* Preview Content */,
				CEF208842C03CE1100212C47 /* awsconfiguration.json */,
				CEF208862C03D97000212C47 /* AppDelegate.swift */,
				CEF208F72C127FB300212C47 /* Routes.swift */,
				CEF209332C232F8D00212C47 /* Properties.plist */,
			);
			path = Template;
			sourceTree = "<group>";
		};
		CEF208122BFADF0400212C47 /* Preview Content */ = {
			isa = PBXGroup;
			children = (
				CEF208132BFADF0400212C47 /* Preview Assets.xcassets */,
			);
			path = "Preview Content";
			sourceTree = "<group>";
		};
		CEF2081C2BFADF0400212C47 /* TemplateTests */ = {
			isa = PBXGroup;
			children = (
				CEF2081D2BFADF0400212C47 /* TemplateTests.swift */,
			);
			path = TemplateTests;
			sourceTree = "<group>";
		};
		CEF208262BFADF0400212C47 /* TemplateUITests */ = {
			isa = PBXGroup;
			children = (
				CEF208272BFADF0400212C47 /* TemplateUITests.swift */,
				CEF208292BFADF0400212C47 /* TemplateUITestsLaunchTests.swift */,
			);
			path = TemplateUITests;
			sourceTree = "<group>";
		};
		CEF208702BFFD49C00212C47 /* Models */ = {
			isa = PBXGroup;
			children = (
				CEF208772BFFD57D00212C47 /* Todo.swift */,
				CEF2088A2C03E33E00212C47 /* AWSMobileClientResponse.swift */,
				CEF208BB2C092EE800212C47 /* AdminReadUserResponse.swift */,
				CEF208D92C0D352500212C47 /* UpdateUserBody.swift */,
				CEF208FF2C14D0BF00212C47 /* Feature.swift */,
				CEF2090C2C16995600212C47 /* ReadUserPrivateResponse.swift */,
				CEF209102C1DA9BD00212C47 /* NetworkModels.swift */,
				CEF209182C1E432800212C47 /* ReadUserPublicResponse.swift */,
				CEF2091A2C1F76AC00212C47 /* ThingType.swift */,
				CEF2091C2C1F775400212C47 /* Thing.swift */,
				CEF2092F2C227F6900212C47 /* CreateThingResponse.swift */,
				CEF209422C23C9AC00212C47 /* AdminDisableUserResponse.swift */,
				CEF209442C23CA2000212C47 /* AdminEnableUserResponse.swift */,
				CEF209462C23D75200212C47 /* AdminDeleteUserResponse.swift */,
				CEF209482C24EEA300212C47 /* UpdateUserPrivateResponse.swift */,
			);
			path = Models;
			sourceTree = "<group>";
		};
		CEF208712BFFD4A400212C47 /* Screens */ = {
			isa = PBXGroup;
			children = (
				CEF209352C2378CC00212C47 /* UIKitView */,
				CEF209232C21264900212C47 /* PaymentsHub */,
				CEF209092C16380F00212C47 /* PersonalInfo */,
				CEF208F42C127E4B00212C47 /* Thing */,
				CEF208EE2C0FD29C00212C47 /* PasswordResetSuccess */,
				CEF208E92C0EA50200212C47 /* NewPassword */,
				CEF208E22C0EA4BE00212C47 /* ResetPassword */,
				CEF208DF2C0EA49700212C47 /* LoginAndSecurity */,
				CEF208D22C0D2F6200212C47 /* EditProfile */,
				CEF208CF2C0D2F4C00212C47 /* PublicProfile */,
				CEF208BF2C0C254000212C47 /* FilterList */,
				CEF208AC2C0553CA00212C47 /* CodeVerification */,
				CEF208A02C04E76400212C47 /* EnterPassword */,
				CEF2089B2C04DDED00212C47 /* AddNewUserInfo */,
				CEF208942C04AB4300212C47 /* Snag */,
				CEF2088C2C03E3B400212C47 /* AuthHub */,
				CEF2087F2C00D6F200212C47 /* Profile */,
				CEF208732BFFD4B000212C47 /* Features */,
				CEF208722BFFD4AB00212C47 /* Home */,
			);
			path = Screens;
			sourceTree = "<group>";
		};
		CEF208722BFFD4AB00212C47 /* Home */ = {
			isa = PBXGroup;
			children = (
				CEF208362BFC1EDA00212C47 /* HomeScreen.swift */,
			);
			path = Home;
			sourceTree = "<group>";
		};
		CEF208732BFFD4B000212C47 /* Features */ = {
			isa = PBXGroup;
			children = (
				CEF208382BFC1F0400212C47 /* FeaturesScreen.swift */,
				CEF2087C2BFFD67800212C47 /* FeaturesViewModel.swift */,
				CEF209012C14D47700212C47 /* FeatureCard.swift */,
			);
			path = Features;
			sourceTree = "<group>";
		};
		CEF208742BFFD4C400212C47 /* Networking */ = {
			isa = PBXGroup;
			children = (
				CEF208752BFFD4D200212C47 /* NetworkManager.swift */,
				CEF208BD2C09320900212C47 /* APIGatewayService.swift */,
				CEF2093C2C23C2E700212C47 /* APIGatewayService+Admin.swift */,
				CEF2093E2C23C34500212C47 /* APIGatewayService+Private.swift */,
				CEF209402C23C39100212C47 /* APIGatewayService+Public.swift */,
			);
			path = Networking;
			sourceTree = "<group>";
		};
		CEF208792BFFD5B100212C47 /* Repos */ = {
			isa = PBXGroup;
			children = (
				CEF2087A2BFFD5C500212C47 /* JSONPlaceholderRepo.swift */,
				CEF208882C03DF7600212C47 /* UserRepo.swift */,
				CEF209312C227FA300212C47 /* ThingRepository.swift */,
			);
			path = Repos;
			sourceTree = "<group>";
		};
		CEF2087F2C00D6F200212C47 /* Profile */ = {
			isa = PBXGroup;
			children = (
				CEF208822C00D70D00212C47 /* ProfileScreen.swift */,
				CEF208B92C0577AF00212C47 /* ProfileViewModel.swift */,
				CEF208DD2C0D533900212C47 /* MyProfileRow.swift */,
			);
			path = Profile;
			sourceTree = "<group>";
		};
		CEF2088C2C03E3B400212C47 /* AuthHub */ = {
			isa = PBXGroup;
			children = (
				CEF2088D2C03E3D400212C47 /* AuthHubScreen.swift */,
				CEF208A32C04E84900212C47 /* AuthHubViewModel.swift */,
				CEF208F92C13ECC000212C47 /* ResetLinkText.swift */,
			);
			path = AuthHub;
			sourceTree = "<group>";
		};
		CEF2088F2C03E4E100212C47 /* Utils */ = {
			isa = PBXGroup;
			children = (
				CEF208902C03E4F800212C47 /* Constants.swift */,
				CEF208922C04A97A00212C47 /* TabBarManager.swift */,
				CEF208B72C05674A00212C47 /* Helpers.swift */,
			);
			path = Utils;
			sourceTree = "<group>";
		};
		CEF208942C04AB4300212C47 /* Snag */ = {
			isa = PBXGroup;
			children = (
				CEF208952C04AB4E00212C47 /* SnagScreen.swift */,
			);
			path = Snag;
			sourceTree = "<group>";
		};
		CEF208972C04DBC100212C47 /* Components */ = {
			isa = PBXGroup;
			children = (
				CEF209262C21274000212C47 /* Text */,
				CEF209202C1FB8EE00212C47 /* Misc */,
				CEF208F12C0FD95400212C47 /* Inputs */,
				CEF208982C04DBC800212C47 /* Buttons */,
			);
			path = Components;
			sourceTree = "<group>";
		};
		CEF208982C04DBC800212C47 /* Buttons */ = {
			isa = PBXGroup;
			children = (
				CEF208992C04DBD700212C47 /* BackButton.swift */,
				CEF208A62C04EC5000212C47 /* LoadingButton.swift */,
				CEF208DB2C0D51E000212C47 /* HorizontalIconButton.swift */,
				CEF208FB2C13EDA000212C47 /* OutlinedButton.swift */,
			);
			path = Buttons;
			sourceTree = "<group>";
		};
		CEF2089B2C04DDED00212C47 /* AddNewUserInfo */ = {
			isa = PBXGroup;
			children = (
				CEF2089C2C04DE1B00212C47 /* AddNewUserInfoScreen.swift */,
				CEF208B52C055F0E00212C47 /* AddNewUserInfoViewModel.swift */,
			);
			path = AddNewUserInfo;
			sourceTree = "<group>";
		};
		CEF208A02C04E76400212C47 /* EnterPassword */ = {
			isa = PBXGroup;
			children = (
				CEF208A12C04E77800212C47 /* EnterPasswordScreen.swift */,
				CEF208B32C055EFF00212C47 /* EnterPasswordViewModel.swift */,
			);
			path = EnterPassword;
			sourceTree = "<group>";
		};
		CEF208AC2C0553CA00212C47 /* CodeVerification */ = {
			isa = PBXGroup;
			children = (
				CEF208AD2C0553D700212C47 /* CodeVerificationScreen.swift */,
				CEF208B12C055EF400212C47 /* CodeVerificationViewModel.swift */,
			);
			path = CodeVerification;
			sourceTree = "<group>";
		};
		CEF208BF2C0C254000212C47 /* FilterList */ = {
			isa = PBXGroup;
			children = (
				CEF208C02C0C255400212C47 /* FilterListScreen.swift */,
				CEF208C22C0C256500212C47 /* FilterListViewModel.swift */,
			);
			path = FilterList;
			sourceTree = "<group>";
		};
		CEF208CC2C0D233200212C47 /* Extensions */ = {
			isa = PBXGroup;
			children = (
				CEF208CD2C0D234400212C47 /* UIImage+Extensions.swift */,
			);
			path = Extensions;
			sourceTree = "<group>";
		};
		CEF208CF2C0D2F4C00212C47 /* PublicProfile */ = {
			isa = PBXGroup;
			children = (
				CEF208D02C0D2F5C00212C47 /* PublicProfileScreen.swift */,
				CEF208D52C0D2FDE00212C47 /* PublicProfileViewModel.swift */,
			);
			path = PublicProfile;
			sourceTree = "<group>";
		};
		CEF208D22C0D2F6200212C47 /* EditProfile */ = {
			isa = PBXGroup;
			children = (
				CEF208C82C0C2B0000212C47 /* ImagePicker.swift */,
				CEF208D32C0D2F7000212C47 /* EditProfileScreen.swift */,
				CEF208D72C0D346100212C47 /* EditProfileViewModel.swift */,
			);
			path = EditProfile;
			sourceTree = "<group>";
		};
		CEF208DF2C0EA49700212C47 /* LoginAndSecurity */ = {
			isa = PBXGroup;
			children = (
				CEF208E02C0EA4B400212C47 /* LoginAndSecurityScreen.swift */,
				CEF208E72C0EA4F100212C47 /* LoginAndSecurityViewModel.swift */,
			);
			path = LoginAndSecurity;
			sourceTree = "<group>";
		};
		CEF208E22C0EA4BE00212C47 /* ResetPassword */ = {
			isa = PBXGroup;
			children = (
				CEF208E32C0EA4D400212C47 /* ResetPasswordScreen.swift */,
				CEF208E52C0EA4E000212C47 /* ResetPasswordViewModel.swift */,
			);
			path = ResetPassword;
			sourceTree = "<group>";
		};
		CEF208E92C0EA50200212C47 /* NewPassword */ = {
			isa = PBXGroup;
			children = (
				CEF208EA2C0EA51200212C47 /* NewPasswordScreen.swift */,
				CEF208EC2C0EA51E00212C47 /* NewPasswordViewModel.swift */,
			);
			path = NewPassword;
			sourceTree = "<group>";
		};
		CEF208EE2C0FD29C00212C47 /* PasswordResetSuccess */ = {
			isa = PBXGroup;
			children = (
				CEF208EF2C0FD2AF00212C47 /* PasswordResetSuccessScreen.swift */,
			);
			path = PasswordResetSuccess;
			sourceTree = "<group>";
		};
		CEF208F12C0FD95400212C47 /* Inputs */ = {
			isa = PBXGroup;
			children = (
				CEF208F22C0FD9BC00212C47 /* ExpandableView.swift */,
				CEF209072C1630F800212C47 /* CheckboxRow.swift */,
				CEF2090E2C1CBB9200212C47 /* PhoneNumberField.swift */,
				CEF209122C1DE86000212C47 /* OutlinedTextField.swift */,
				CEF209162C1E2B2600212C47 /* BottomsheetField.swift */,
				CEF2094A2C26EEBD00212C47 /* CodeField.swift */,
			);
			path = Inputs;
			sourceTree = "<group>";
		};
		CEF208F42C127E4B00212C47 /* Thing */ = {
			isa = PBXGroup;
			children = (
				CEF208F52C127E6400212C47 /* ThingScreen.swift */,
				CEF208FD2C14CDC000212C47 /* ThingBuilderScreen.swift */,
				CEF209032C162AC400212C47 /* ThingTypeScreen.swift */,
				CEF209052C162AD500212C47 /* ThingDescriptionScreen.swift */,
				CEF209142C1E285200212C47 /* ThingMethods.swift */,
				CEF2091E2C1F796600212C47 /* ThingViewModel.swift */,
				CEF2093A2C237B7900212C47 /* ThingIntroScreen.swift */,
			);
			path = Thing;
			sourceTree = "<group>";
		};
		CEF209092C16380F00212C47 /* PersonalInfo */ = {
			isa = PBXGroup;
			children = (
				CEF2090A2C16381F00212C47 /* PersonalInfoScreen.swift */,
			);
			path = PersonalInfo;
			sourceTree = "<group>";
		};
		CEF209202C1FB8EE00212C47 /* Misc */ = {
			isa = PBXGroup;
			children = (
				CEF209212C1FB90500212C47 /* LoadingScreen.swift */,
			);
			path = Misc;
			sourceTree = "<group>";
		};
		CEF209232C21264900212C47 /* PaymentsHub */ = {
			isa = PBXGroup;
			children = (
				CEF209242C21266200212C47 /* PaymentsHubScreen.swift */,
				CEF209292C21289800212C47 /* PaymentMethodsScreen.swift */,
				CEF2092B2C2128BC00212C47 /* YourPaymentsScreen.swift */,
				CEF2092D2C2128F500212C47 /* PayoutMethodsScreen.swift */,
			);
			path = PaymentsHub;
			sourceTree = "<group>";
		};
		CEF209262C21274000212C47 /* Text */ = {
			isa = PBXGroup;
			children = (
				CEF209272C21275300212C47 /* HeadingText.swift */,
			);
			path = Text;
			sourceTree = "<group>";
		};
		CEF209352C2378CC00212C47 /* UIKitView */ = {
			isa = PBXGroup;
			children = (
				CEF209362C2378F900212C47 /* UIKitViewScreen.swift */,
				CEF209382C2379AE00212C47 /* UIKitViewController.swift */,
			);
			path = UIKitView;
			sourceTree = "<group>";
		};
		DED85F0B1E994A6BF9FBA9F1 /* Pods */ = {
			isa = PBXGroup;
			children = (
				7BF9258663BE21C5EA19AE8A /* Pods-Template.debug.xcconfig */,
				977C1EF09600D4BCA5E6AA4E /* Pods-Template.release.xcconfig */,
				6796334C6731ACC1EF9B0495 /* Pods-Template-TemplateUITests.debug.xcconfig */,
				25775AFFFA2829D583ECA80E /* Pods-Template-TemplateUITests.release.xcconfig */,
				812AEF9E44A4EE73087A1723 /* Pods-TemplateTests.debug.xcconfig */,
				0060027214131DFD7E0D6BB6 /* Pods-TemplateTests.release.xcconfig */,
			);
			path = Pods;
			sourceTree = "<group>";
		};
/* End PBXGroup section */

/* Begin PBXNativeTarget section */
		CEF208082BFADF0100212C47 /* Template */ = {
			isa = PBXNativeTarget;
			buildConfigurationList = CEF2082D2BFADF0400212C47 /* Build configuration list for PBXNativeTarget "Template" */;
			buildPhases = (
				61A47640395CBE464273BECE /* [CP] Check Pods Manifest.lock */,
				CEF208052BFADF0100212C47 /* Sources */,
				CEF208062BFADF0100212C47 /* Frameworks */,
				CEF208072BFADF0100212C47 /* Resources */,
				4D237D3AE248C7D769E4C369 /* [CP] Embed Pods Frameworks */,
			);
			buildRules = (
			);
			dependencies = (
			);
			name = Template;
			productName = Template;
			productReference = CEF208092BFADF0100212C47 /* Template.app */;
			productType = "com.apple.product-type.application";
		};
		CEF208182BFADF0400212C47 /* TemplateTests */ = {
			isa = PBXNativeTarget;
			buildConfigurationList = CEF208302BFADF0400212C47 /* Build configuration list for PBXNativeTarget "TemplateTests" */;
			buildPhases = (
				67CD6F30E8D1B32376B82F30 /* [CP] Check Pods Manifest.lock */,
				CEF208152BFADF0400212C47 /* Sources */,
				CEF208162BFADF0400212C47 /* Frameworks */,
				CEF208172BFADF0400212C47 /* Resources */,
			);
			buildRules = (
			);
			dependencies = (
				CEF2081B2BFADF0400212C47 /* PBXTargetDependency */,
			);
			name = TemplateTests;
			productName = TemplateTests;
			productReference = CEF208192BFADF0400212C47 /* TemplateTests.xctest */;
			productType = "com.apple.product-type.bundle.unit-test";
		};
		CEF208222BFADF0400212C47 /* TemplateUITests */ = {
			isa = PBXNativeTarget;
			buildConfigurationList = CEF208332BFADF0400212C47 /* Build configuration list for PBXNativeTarget "TemplateUITests" */;
			buildPhases = (
				B98AFAB1C89CDC95A4CFEE24 /* [CP] Check Pods Manifest.lock */,
				CEF2081F2BFADF0400212C47 /* Sources */,
				CEF208202BFADF0400212C47 /* Frameworks */,
				CEF208212BFADF0400212C47 /* Resources */,
				48A9A902BC825F981800CDF6 /* [CP] Embed Pods Frameworks */,
			);
			buildRules = (
			);
			dependencies = (
				CEF208252BFADF0400212C47 /* PBXTargetDependency */,
			);
			name = TemplateUITests;
			productName = TemplateUITests;
			productReference = CEF208232BFADF0400212C47 /* TemplateUITests.xctest */;
			productType = "com.apple.product-type.bundle.ui-testing";
		};
/* End PBXNativeTarget section */

/* Begin PBXProject section */
		CEF208012BFADF0100212C47 /* Project object */ = {
			isa = PBXProject;
			attributes = {
				BuildIndependentTargetsInParallel = 1;
				LastSwiftUpdateCheck = 1540;
				LastUpgradeCheck = 1540;
				TargetAttributes = {
					CEF208082BFADF0100212C47 = {
						CreatedOnToolsVersion = 15.4;
					};
					CEF208182BFADF0400212C47 = {
						CreatedOnToolsVersion = 15.4;
						TestTargetID = CEF208082BFADF0100212C47;
					};
					CEF208222BFADF0400212C47 = {
						CreatedOnToolsVersion = 15.4;
						TestTargetID = CEF208082BFADF0100212C47;
					};
				};
			};
			buildConfigurationList = CEF208042BFADF0100212C47 /* Build configuration list for PBXProject "Template" */;
			compatibilityVersion = "Xcode 14.0";
			developmentRegion = en;
			hasScannedForEncodings = 0;
			knownRegions = (
				en,
				Base,
			);
			mainGroup = CEF208002BFADF0100212C47;
			productRefGroup = CEF2080A2BFADF0100212C47 /* Products */;
			projectDirPath = "";
			projectRoot = "";
			targets = (
				CEF208082BFADF0100212C47 /* Template */,
				CEF208182BFADF0400212C47 /* TemplateTests */,
				CEF208222BFADF0400212C47 /* TemplateUITests */,
			);
		};
/* End PBXProject section */

/* Begin PBXResourcesBuildPhase section */
		CEF208072BFADF0100212C47 /* Resources */ = {
			isa = PBXResourcesBuildPhase;
			buildActionMask = 2147483647;
			files = (
				CEF208142BFADF0400212C47 /* Preview Assets.xcassets in Resources */,
				CEF208112BFADF0400212C47 /* Assets.xcassets in Resources */,
				CEF208852C03CE1100212C47 /* awsconfiguration.json in Resources */,
				CEF209342C232F8D00212C47 /* Properties.plist in Resources */,
			);
			runOnlyForDeploymentPostprocessing = 0;
		};
		CEF208172BFADF0400212C47 /* Resources */ = {
			isa = PBXResourcesBuildPhase;
			buildActionMask = 2147483647;
			files = (
			);
			runOnlyForDeploymentPostprocessing = 0;
		};
		CEF208212BFADF0400212C47 /* Resources */ = {
			isa = PBXResourcesBuildPhase;
			buildActionMask = 2147483647;
			files = (
			);
			runOnlyForDeploymentPostprocessing = 0;
		};
/* End PBXResourcesBuildPhase section */

/* Begin PBXShellScriptBuildPhase section */
		48A9A902BC825F981800CDF6 /* [CP] Embed Pods Frameworks */ = {
			isa = PBXShellScriptBuildPhase;
			buildActionMask = 2147483647;
			files = (
			);
			inputFileListPaths = (
				"${PODS_ROOT}/Target Support Files/Pods-Template-TemplateUITests/Pods-Template-TemplateUITests-frameworks-${CONFIGURATION}-input-files.xcfilelist",
			);
			name = "[CP] Embed Pods Frameworks";
			outputFileListPaths = (
				"${PODS_ROOT}/Target Support Files/Pods-Template-TemplateUITests/Pods-Template-TemplateUITests-frameworks-${CONFIGURATION}-output-files.xcfilelist",
			);
			runOnlyForDeploymentPostprocessing = 0;
			shellPath = /bin/sh;
			shellScript = "\"${PODS_ROOT}/Target Support Files/Pods-Template-TemplateUITests/Pods-Template-TemplateUITests-frameworks.sh\"\n";
			showEnvVarsInLog = 0;
		};
		4D237D3AE248C7D769E4C369 /* [CP] Embed Pods Frameworks */ = {
			isa = PBXShellScriptBuildPhase;
			buildActionMask = 2147483647;
			files = (
			);
			inputFileListPaths = (
				"${PODS_ROOT}/Target Support Files/Pods-Template/Pods-Template-frameworks-${CONFIGURATION}-input-files.xcfilelist",
			);
			name = "[CP] Embed Pods Frameworks";
			outputFileListPaths = (
				"${PODS_ROOT}/Target Support Files/Pods-Template/Pods-Template-frameworks-${CONFIGURATION}-output-files.xcfilelist",
			);
			runOnlyForDeploymentPostprocessing = 0;
			shellPath = /bin/sh;
			shellScript = "\"${PODS_ROOT}/Target Support Files/Pods-Template/Pods-Template-frameworks.sh\"\n";
			showEnvVarsInLog = 0;
		};
		61A47640395CBE464273BECE /* [CP] Check Pods Manifest.lock */ = {
			isa = PBXShellScriptBuildPhase;
			buildActionMask = 2147483647;
			files = (
			);
			inputFileListPaths = (
			);
			inputPaths = (
				"${PODS_PODFILE_DIR_PATH}/Podfile.lock",
				"${PODS_ROOT}/Manifest.lock",
			);
			name = "[CP] Check Pods Manifest.lock";
			outputFileListPaths = (
			);
			outputPaths = (
				"$(DERIVED_FILE_DIR)/Pods-Template-checkManifestLockResult.txt",
			);
			runOnlyForDeploymentPostprocessing = 0;
			shellPath = /bin/sh;
			shellScript = "diff \"${PODS_PODFILE_DIR_PATH}/Podfile.lock\" \"${PODS_ROOT}/Manifest.lock\" > /dev/null\nif [ $? != 0 ] ; then\n    # print error to STDERR\n    echo \"error: The sandbox is not in sync with the Podfile.lock. Run 'pod install' or update your CocoaPods installation.\" >&2\n    exit 1\nfi\n# This output is used by Xcode 'outputs' to avoid re-running this script phase.\necho \"SUCCESS\" > \"${SCRIPT_OUTPUT_FILE_0}\"\n";
			showEnvVarsInLog = 0;
		};
		67CD6F30E8D1B32376B82F30 /* [CP] Check Pods Manifest.lock */ = {
			isa = PBXShellScriptBuildPhase;
			buildActionMask = 2147483647;
			files = (
			);
			inputFileListPaths = (
			);
			inputPaths = (
				"${PODS_PODFILE_DIR_PATH}/Podfile.lock",
				"${PODS_ROOT}/Manifest.lock",
			);
			name = "[CP] Check Pods Manifest.lock";
			outputFileListPaths = (
			);
			outputPaths = (
				"$(DERIVED_FILE_DIR)/Pods-TemplateTests-checkManifestLockResult.txt",
			);
			runOnlyForDeploymentPostprocessing = 0;
			shellPath = /bin/sh;
			shellScript = "diff \"${PODS_PODFILE_DIR_PATH}/Podfile.lock\" \"${PODS_ROOT}/Manifest.lock\" > /dev/null\nif [ $? != 0 ] ; then\n    # print error to STDERR\n    echo \"error: The sandbox is not in sync with the Podfile.lock. Run 'pod install' or update your CocoaPods installation.\" >&2\n    exit 1\nfi\n# This output is used by Xcode 'outputs' to avoid re-running this script phase.\necho \"SUCCESS\" > \"${SCRIPT_OUTPUT_FILE_0}\"\n";
			showEnvVarsInLog = 0;
		};
		B98AFAB1C89CDC95A4CFEE24 /* [CP] Check Pods Manifest.lock */ = {
			isa = PBXShellScriptBuildPhase;
			buildActionMask = 2147483647;
			files = (
			);
			inputFileListPaths = (
			);
			inputPaths = (
				"${PODS_PODFILE_DIR_PATH}/Podfile.lock",
				"${PODS_ROOT}/Manifest.lock",
			);
			name = "[CP] Check Pods Manifest.lock";
			outputFileListPaths = (
			);
			outputPaths = (
				"$(DERIVED_FILE_DIR)/Pods-Template-TemplateUITests-checkManifestLockResult.txt",
			);
			runOnlyForDeploymentPostprocessing = 0;
			shellPath = /bin/sh;
			shellScript = "diff \"${PODS_PODFILE_DIR_PATH}/Podfile.lock\" \"${PODS_ROOT}/Manifest.lock\" > /dev/null\nif [ $? != 0 ] ; then\n    # print error to STDERR\n    echo \"error: The sandbox is not in sync with the Podfile.lock. Run 'pod install' or update your CocoaPods installation.\" >&2\n    exit 1\nfi\n# This output is used by Xcode 'outputs' to avoid re-running this script phase.\necho \"SUCCESS\" > \"${SCRIPT_OUTPUT_FILE_0}\"\n";
			showEnvVarsInLog = 0;
		};
/* End PBXShellScriptBuildPhase section */

/* Begin PBXSourcesBuildPhase section */
		CEF208052BFADF0100212C47 /* Sources */ = {
			isa = PBXSourcesBuildPhase;
			buildActionMask = 2147483647;
			files = (
				CEF208D62C0D2FDE00212C47 /* PublicProfileViewModel.swift in Sources */,
				CEF2094B2C26EEBD00212C47 /* CodeField.swift in Sources */,
				CEF208A42C04E84900212C47 /* AuthHubViewModel.swift in Sources */,
				CEF209112C1DA9BD00212C47 /* NetworkModels.swift in Sources */,
				CEF208872C03D97000212C47 /* AppDelegate.swift in Sources */,
				CEF208A22C04E77800212C47 /* EnterPasswordScreen.swift in Sources */,
				CEF208C92C0C2B0000212C47 /* ImagePicker.swift in Sources */,
				CEF208E42C0EA4D400212C47 /* ResetPasswordScreen.swift in Sources */,
				CEF208E82C0EA4F100212C47 /* LoginAndSecurityViewModel.swift in Sources */,
				CEF2092A2C21289800212C47 /* PaymentMethodsScreen.swift in Sources */,
				CEF209172C1E2B2700212C47 /* BottomsheetField.swift in Sources */,
				CEF208832C00D70D00212C47 /* ProfileScreen.swift in Sources */,
				CEF208B22C055EF400212C47 /* CodeVerificationViewModel.swift in Sources */,
				CEF2093D2C23C2E700212C47 /* APIGatewayService+Admin.swift in Sources */,
				CEF208FA2C13ECC000212C47 /* ResetLinkText.swift in Sources */,
				CEF208892C03DF7600212C47 /* UserRepo.swift in Sources */,
				CEF208E62C0EA4E000212C47 /* ResetPasswordViewModel.swift in Sources */,
				CEF209452C23CA2000212C47 /* AdminEnableUserResponse.swift in Sources */,
				CEF208FE2C14CDC000212C47 /* ThingBuilderScreen.swift in Sources */,
				CEF208BC2C092EE800212C47 /* AdminReadUserResponse.swift in Sources */,
				CEF208F32C0FD9BC00212C47 /* ExpandableView.swift in Sources */,
				CEF208BE2C09320900212C47 /* APIGatewayService.swift in Sources */,
				CEF208B62C055F0E00212C47 /* AddNewUserInfoViewModel.swift in Sources */,
				CEF209132C1DE86000212C47 /* OutlinedTextField.swift in Sources */,
				CEF208ED2C0EA51E00212C47 /* NewPasswordViewModel.swift in Sources */,
				CEF2088B2C03E33E00212C47 /* AWSMobileClientResponse.swift in Sources */,
				CEF209372C2378F900212C47 /* UIKitViewScreen.swift in Sources */,
				CEF208B42C055EFF00212C47 /* EnterPasswordViewModel.swift in Sources */,
				CEF208A72C04EC5000212C47 /* LoadingButton.swift in Sources */,
				CEF2090B2C16381F00212C47 /* PersonalInfoScreen.swift in Sources */,
				CEF209062C162AD500212C47 /* ThingDescriptionScreen.swift in Sources */,
				CEF2092C2C2128BC00212C47 /* YourPaymentsScreen.swift in Sources */,
				CEF208E12C0EA4B400212C47 /* LoginAndSecurityScreen.swift in Sources */,
				CEF2080F2BFADF0100212C47 /* ContentView.swift in Sources */,
				CEF209412C23C39100212C47 /* APIGatewayService+Public.swift in Sources */,
				CEF208F82C127FB300212C47 /* Routes.swift in Sources */,
				CEF208FC2C13EDA000212C47 /* OutlinedButton.swift in Sources */,
				CEF208912C03E4F800212C47 /* Constants.swift in Sources */,
				CEF208F02C0FD2AF00212C47 /* PasswordResetSuccessScreen.swift in Sources */,
				CEF208CE2C0D234400212C47 /* UIImage+Extensions.swift in Sources */,
				CEF209322C227FA300212C47 /* ThingRepository.swift in Sources */,
				CEF209282C21275300212C47 /* HeadingText.swift in Sources */,
				CEF2089D2C04DE1B00212C47 /* AddNewUserInfoScreen.swift in Sources */,
				CEF2090D2C16995600212C47 /* ReadUserPrivateResponse.swift in Sources */,
				CEF208DC2C0D51E000212C47 /* HorizontalIconButton.swift in Sources */,
				CEF208BA2C0577AF00212C47 /* ProfileViewModel.swift in Sources */,
				CEF2091B2C1F76AC00212C47 /* ThingType.swift in Sources */,
				CEF208782BFFD57D00212C47 /* Todo.swift in Sources */,
				CEF2090F2C1CBB9200212C47 /* PhoneNumberField.swift in Sources */,
				CEF2087B2BFFD5C500212C47 /* JSONPlaceholderRepo.swift in Sources */,
				CEF209192C1E432800212C47 /* ReadUserPublicResponse.swift in Sources */,
				CEF208932C04A97A00212C47 /* TabBarManager.swift in Sources */,
				CEF209022C14D47700212C47 /* FeatureCard.swift in Sources */,
				CEF2088E2C03E3D400212C47 /* AuthHubScreen.swift in Sources */,
				CEF209042C162AC400212C47 /* ThingTypeScreen.swift in Sources */,
				CEF209002C14D0BF00212C47 /* Feature.swift in Sources */,
				CEF208AE2C0553D700212C47 /* CodeVerificationScreen.swift in Sources */,
				CEF208EB2C0EA51200212C47 /* NewPasswordScreen.swift in Sources */,
				CEF208D42C0D2F7000212C47 /* EditProfileScreen.swift in Sources */,
				CEF209302C227F6A00212C47 /* CreateThingResponse.swift in Sources */,
				CEF209222C1FB90500212C47 /* LoadingScreen.swift in Sources */,
				CEF209252C21266200212C47 /* PaymentsHubScreen.swift in Sources */,
				CEF209432C23C9AC00212C47 /* AdminDisableUserResponse.swift in Sources */,
				CEF208D82C0D346100212C47 /* EditProfileViewModel.swift in Sources */,
				CEF2091F2C1F796600212C47 /* ThingViewModel.swift in Sources */,
				CEF2092E2C2128F500212C47 /* PayoutMethodsScreen.swift in Sources */,
				CEF209392C2379AE00212C47 /* UIKitViewController.swift in Sources */,
				CEF209082C1630F800212C47 /* CheckboxRow.swift in Sources */,
				CEF208C32C0C256500212C47 /* FilterListViewModel.swift in Sources */,
				CEF2080D2BFADF0100212C47 /* TemplateApp.swift in Sources */,
				CEF208762BFFD4D300212C47 /* NetworkManager.swift in Sources */,
				CEF208C12C0C255400212C47 /* FilterListScreen.swift in Sources */,
				CEF2087D2BFFD67800212C47 /* FeaturesViewModel.swift in Sources */,
				CEF208DE2C0D533900212C47 /* MyProfileRow.swift in Sources */,
				CEF208392BFC1F0400212C47 /* FeaturesScreen.swift in Sources */,
				CEF2093F2C23C34500212C47 /* APIGatewayService+Private.swift in Sources */,
				CEF208B82C05674A00212C47 /* Helpers.swift in Sources */,
				CEF2093B2C237B7900212C47 /* ThingIntroScreen.swift in Sources */,
				CEF2089A2C04DBD700212C47 /* BackButton.swift in Sources */,
				CEF208962C04AB4E00212C47 /* SnagScreen.swift in Sources */,
				CEF209152C1E285200212C47 /* ThingMethods.swift in Sources */,
				CEF208F62C127E6400212C47 /* ThingScreen.swift in Sources */,
				CEF2091D2C1F775400212C47 /* Thing.swift in Sources */,
				CEF208D12C0D2F5C00212C47 /* PublicProfileScreen.swift in Sources */,
				CEF209492C24EEA300212C47 /* UpdateUserPrivateResponse.swift in Sources */,
				CEF208372BFC1EDA00212C47 /* HomeScreen.swift in Sources */,
				CEF209472C23D75200212C47 /* AdminDeleteUserResponse.swift in Sources */,
				CEF208DA2C0D352500212C47 /* UpdateUserBody.swift in Sources */,
			);
			runOnlyForDeploymentPostprocessing = 0;
		};
		CEF208152BFADF0400212C47 /* Sources */ = {
			isa = PBXSourcesBuildPhase;
			buildActionMask = 2147483647;
			files = (
				CEF2081E2BFADF0400212C47 /* TemplateTests.swift in Sources */,
			);
			runOnlyForDeploymentPostprocessing = 0;
		};
		CEF2081F2BFADF0400212C47 /* Sources */ = {
			isa = PBXSourcesBuildPhase;
			buildActionMask = 2147483647;
			files = (
				CEF2082A2BFADF0400212C47 /* TemplateUITestsLaunchTests.swift in Sources */,
				CEF208282BFADF0400212C47 /* TemplateUITests.swift in Sources */,
			);
			runOnlyForDeploymentPostprocessing = 0;
		};
/* End PBXSourcesBuildPhase section */

/* Begin PBXTargetDependency section */
		CEF2081B2BFADF0400212C47 /* PBXTargetDependency */ = {
			isa = PBXTargetDependency;
			target = CEF208082BFADF0100212C47 /* Template */;
			targetProxy = CEF2081A2BFADF0400212C47 /* PBXContainerItemProxy */;
		};
		CEF208252BFADF0400212C47 /* PBXTargetDependency */ = {
			isa = PBXTargetDependency;
			target = CEF208082BFADF0100212C47 /* Template */;
			targetProxy = CEF208242BFADF0400212C47 /* PBXContainerItemProxy */;
		};
/* End PBXTargetDependency section */

/* Begin XCBuildConfiguration section */
		CEF2082B2BFADF0400212C47 /* Debug */ = {
			isa = XCBuildConfiguration;
			buildSettings = {
				ALWAYS_SEARCH_USER_PATHS = NO;
				ASSETCATALOG_COMPILER_GENERATE_SWIFT_ASSET_SYMBOL_EXTENSIONS = YES;
				CLANG_ANALYZER_NONNULL = YES;
				CLANG_ANALYZER_NUMBER_OBJECT_CONVERSION = YES_AGGRESSIVE;
				CLANG_CXX_LANGUAGE_STANDARD = "gnu++20";
				CLANG_ENABLE_MODULES = YES;
				CLANG_ENABLE_OBJC_ARC = YES;
				CLANG_ENABLE_OBJC_WEAK = YES;
				CLANG_WARN_BLOCK_CAPTURE_AUTORELEASING = YES;
				CLANG_WARN_BOOL_CONVERSION = YES;
				CLANG_WARN_COMMA = YES;
				CLANG_WARN_CONSTANT_CONVERSION = YES;
				CLANG_WARN_DEPRECATED_OBJC_IMPLEMENTATIONS = YES;
				CLANG_WARN_DIRECT_OBJC_ISA_USAGE = YES_ERROR;
				CLANG_WARN_DOCUMENTATION_COMMENTS = YES;
				CLANG_WARN_EMPTY_BODY = YES;
				CLANG_WARN_ENUM_CONVERSION = YES;
				CLANG_WARN_INFINITE_RECURSION = YES;
				CLANG_WARN_INT_CONVERSION = YES;
				CLANG_WARN_NON_LITERAL_NULL_CONVERSION = YES;
				CLANG_WARN_OBJC_IMPLICIT_RETAIN_SELF = YES;
				CLANG_WARN_OBJC_LITERAL_CONVERSION = YES;
				CLANG_WARN_OBJC_ROOT_CLASS = YES_ERROR;
				CLANG_WARN_QUOTED_INCLUDE_IN_FRAMEWORK_HEADER = YES;
				CLANG_WARN_RANGE_LOOP_ANALYSIS = YES;
				CLANG_WARN_STRICT_PROTOTYPES = YES;
				CLANG_WARN_SUSPICIOUS_MOVE = YES;
				CLANG_WARN_UNGUARDED_AVAILABILITY = YES_AGGRESSIVE;
				CLANG_WARN_UNREACHABLE_CODE = YES;
				CLANG_WARN__DUPLICATE_METHOD_MATCH = YES;
				COPY_PHASE_STRIP = NO;
				DEBUG_INFORMATION_FORMAT = dwarf;
				ENABLE_STRICT_OBJC_MSGSEND = YES;
				ENABLE_TESTABILITY = YES;
				ENABLE_USER_SCRIPT_SANDBOXING = YES;
				GCC_C_LANGUAGE_STANDARD = gnu17;
				GCC_DYNAMIC_NO_PIC = NO;
				GCC_NO_COMMON_BLOCKS = YES;
				GCC_OPTIMIZATION_LEVEL = 0;
				GCC_PREPROCESSOR_DEFINITIONS = (
					"DEBUG=1",
					"$(inherited)",
				);
				GCC_WARN_64_TO_32_BIT_CONVERSION = YES;
				GCC_WARN_ABOUT_RETURN_TYPE = YES_ERROR;
				GCC_WARN_UNDECLARED_SELECTOR = YES;
				GCC_WARN_UNINITIALIZED_AUTOS = YES_AGGRESSIVE;
				GCC_WARN_UNUSED_FUNCTION = YES;
				GCC_WARN_UNUSED_VARIABLE = YES;
				IPHONEOS_DEPLOYMENT_TARGET = 17.5;
				LOCALIZATION_PREFERS_STRING_CATALOGS = YES;
				MTL_ENABLE_DEBUG_INFO = INCLUDE_SOURCE;
				MTL_FAST_MATH = YES;
				ONLY_ACTIVE_ARCH = YES;
				SDKROOT = iphoneos;
				SWIFT_ACTIVE_COMPILATION_CONDITIONS = "DEBUG $(inherited)";
				SWIFT_OPTIMIZATION_LEVEL = "-Onone";
			};
			name = Debug;
		};
		CEF2082C2BFADF0400212C47 /* Release */ = {
			isa = XCBuildConfiguration;
			buildSettings = {
				ALWAYS_SEARCH_USER_PATHS = NO;
				ASSETCATALOG_COMPILER_GENERATE_SWIFT_ASSET_SYMBOL_EXTENSIONS = YES;
				CLANG_ANALYZER_NONNULL = YES;
				CLANG_ANALYZER_NUMBER_OBJECT_CONVERSION = YES_AGGRESSIVE;
				CLANG_CXX_LANGUAGE_STANDARD = "gnu++20";
				CLANG_ENABLE_MODULES = YES;
				CLANG_ENABLE_OBJC_ARC = YES;
				CLANG_ENABLE_OBJC_WEAK = YES;
				CLANG_WARN_BLOCK_CAPTURE_AUTORELEASING = YES;
				CLANG_WARN_BOOL_CONVERSION = YES;
				CLANG_WARN_COMMA = YES;
				CLANG_WARN_CONSTANT_CONVERSION = YES;
				CLANG_WARN_DEPRECATED_OBJC_IMPLEMENTATIONS = YES;
				CLANG_WARN_DIRECT_OBJC_ISA_USAGE = YES_ERROR;
				CLANG_WARN_DOCUMENTATION_COMMENTS = YES;
				CLANG_WARN_EMPTY_BODY = YES;
				CLANG_WARN_ENUM_CONVERSION = YES;
				CLANG_WARN_INFINITE_RECURSION = YES;
				CLANG_WARN_INT_CONVERSION = YES;
				CLANG_WARN_NON_LITERAL_NULL_CONVERSION = YES;
				CLANG_WARN_OBJC_IMPLICIT_RETAIN_SELF = YES;
				CLANG_WARN_OBJC_LITERAL_CONVERSION = YES;
				CLANG_WARN_OBJC_ROOT_CLASS = YES_ERROR;
				CLANG_WARN_QUOTED_INCLUDE_IN_FRAMEWORK_HEADER = YES;
				CLANG_WARN_RANGE_LOOP_ANALYSIS = YES;
				CLANG_WARN_STRICT_PROTOTYPES = YES;
				CLANG_WARN_SUSPICIOUS_MOVE = YES;
				CLANG_WARN_UNGUARDED_AVAILABILITY = YES_AGGRESSIVE;
				CLANG_WARN_UNREACHABLE_CODE = YES;
				CLANG_WARN__DUPLICATE_METHOD_MATCH = YES;
				COPY_PHASE_STRIP = NO;
				DEBUG_INFORMATION_FORMAT = "dwarf-with-dsym";
				ENABLE_NS_ASSERTIONS = NO;
				ENABLE_STRICT_OBJC_MSGSEND = YES;
				ENABLE_USER_SCRIPT_SANDBOXING = YES;
				GCC_C_LANGUAGE_STANDARD = gnu17;
				GCC_NO_COMMON_BLOCKS = YES;
				GCC_WARN_64_TO_32_BIT_CONVERSION = YES;
				GCC_WARN_ABOUT_RETURN_TYPE = YES_ERROR;
				GCC_WARN_UNDECLARED_SELECTOR = YES;
				GCC_WARN_UNINITIALIZED_AUTOS = YES_AGGRESSIVE;
				GCC_WARN_UNUSED_FUNCTION = YES;
				GCC_WARN_UNUSED_VARIABLE = YES;
				IPHONEOS_DEPLOYMENT_TARGET = 17.5;
				LOCALIZATION_PREFERS_STRING_CATALOGS = YES;
				MTL_ENABLE_DEBUG_INFO = NO;
				MTL_FAST_MATH = YES;
				SDKROOT = iphoneos;
				SWIFT_COMPILATION_MODE = wholemodule;
				VALIDATE_PRODUCT = YES;
			};
			name = Release;
		};
		CEF2082E2BFADF0400212C47 /* Debug */ = {
			isa = XCBuildConfiguration;
			baseConfigurationReference = 7BF9258663BE21C5EA19AE8A /* Pods-Template.debug.xcconfig */;
			buildSettings = {
				ASSETCATALOG_COMPILER_APPICON_NAME = AppIcon;
				ASSETCATALOG_COMPILER_GLOBAL_ACCENT_COLOR_NAME = AccentColor;
				CODE_SIGN_STYLE = Automatic;
				CURRENT_PROJECT_VERSION = 1;
				DEVELOPMENT_ASSET_PATHS = "\"Template/Preview Content\"";
				DEVELOPMENT_TEAM = 29JU3556U2;
				ENABLE_PREVIEWS = YES;
				ENABLE_USER_SCRIPT_SANDBOXING = NO;
				GENERATE_INFOPLIST_FILE = YES;
				INFOPLIST_KEY_UIApplicationSceneManifest_Generation = YES;
				INFOPLIST_KEY_UIApplicationSupportsIndirectInputEvents = YES;
				INFOPLIST_KEY_UILaunchScreen_Generation = YES;
				INFOPLIST_KEY_UISupportedInterfaceOrientations_iPad = "UIInterfaceOrientationPortrait UIInterfaceOrientationPortraitUpsideDown UIInterfaceOrientationLandscapeLeft UIInterfaceOrientationLandscapeRight";
				INFOPLIST_KEY_UISupportedInterfaceOrientations_iPhone = "UIInterfaceOrientationPortrait UIInterfaceOrientationLandscapeLeft UIInterfaceOrientationLandscapeRight";
				LD_RUNPATH_SEARCH_PATHS = (
					"$(inherited)",
					"@executable_path/Frameworks",
				);
				MARKETING_VERSION = 1.0;
				PRODUCT_BUNDLE_IDENTIFIER = com.example.Template;
				PRODUCT_NAME = "$(TARGET_NAME)";
				SWIFT_EMIT_LOC_STRINGS = YES;
				SWIFT_VERSION = 5.0;
				TARGETED_DEVICE_FAMILY = "1,2";
			};
			name = Debug;
		};
		CEF2082F2BFADF0400212C47 /* Release */ = {
			isa = XCBuildConfiguration;
			baseConfigurationReference = 977C1EF09600D4BCA5E6AA4E /* Pods-Template.release.xcconfig */;
			buildSettings = {
				ASSETCATALOG_COMPILER_APPICON_NAME = AppIcon;
				ASSETCATALOG_COMPILER_GLOBAL_ACCENT_COLOR_NAME = AccentColor;
				CODE_SIGN_STYLE = Automatic;
				CURRENT_PROJECT_VERSION = 1;
				DEVELOPMENT_ASSET_PATHS = "\"Template/Preview Content\"";
				DEVELOPMENT_TEAM = 29JU3556U2;
				ENABLE_PREVIEWS = YES;
				ENABLE_USER_SCRIPT_SANDBOXING = NO;
				GENERATE_INFOPLIST_FILE = YES;
				INFOPLIST_KEY_UIApplicationSceneManifest_Generation = YES;
				INFOPLIST_KEY_UIApplicationSupportsIndirectInputEvents = YES;
				INFOPLIST_KEY_UILaunchScreen_Generation = YES;
				INFOPLIST_KEY_UISupportedInterfaceOrientations_iPad = "UIInterfaceOrientationPortrait UIInterfaceOrientationPortraitUpsideDown UIInterfaceOrientationLandscapeLeft UIInterfaceOrientationLandscapeRight";
				INFOPLIST_KEY_UISupportedInterfaceOrientations_iPhone = "UIInterfaceOrientationPortrait UIInterfaceOrientationLandscapeLeft UIInterfaceOrientationLandscapeRight";
				LD_RUNPATH_SEARCH_PATHS = (
					"$(inherited)",
					"@executable_path/Frameworks",
				);
				MARKETING_VERSION = 1.0;
				PRODUCT_BUNDLE_IDENTIFIER = com.example.Template;
				PRODUCT_NAME = "$(TARGET_NAME)";
				SWIFT_EMIT_LOC_STRINGS = YES;
				SWIFT_VERSION = 5.0;
				TARGETED_DEVICE_FAMILY = "1,2";
			};
			name = Release;
		};
		CEF208312BFADF0400212C47 /* Debug */ = {
			isa = XCBuildConfiguration;
			baseConfigurationReference = 812AEF9E44A4EE73087A1723 /* Pods-TemplateTests.debug.xcconfig */;
			buildSettings = {
				ALWAYS_EMBED_SWIFT_STANDARD_LIBRARIES = YES;
				BUNDLE_LOADER = "$(TEST_HOST)";
				CODE_SIGN_STYLE = Automatic;
				CURRENT_PROJECT_VERSION = 1;
				DEVELOPMENT_TEAM = 29JU3556U2;
				GENERATE_INFOPLIST_FILE = YES;
				IPHONEOS_DEPLOYMENT_TARGET = 17.5;
				MARKETING_VERSION = 1.0;
				PRODUCT_BUNDLE_IDENTIFIER = com.example.TemplateTests;
				PRODUCT_NAME = "$(TARGET_NAME)";
				SWIFT_EMIT_LOC_STRINGS = NO;
				SWIFT_VERSION = 5.0;
				TARGETED_DEVICE_FAMILY = "1,2";
				TEST_HOST = "$(BUILT_PRODUCTS_DIR)/Template.app/$(BUNDLE_EXECUTABLE_FOLDER_PATH)/Template";
			};
			name = Debug;
		};
		CEF208322BFADF0400212C47 /* Release */ = {
			isa = XCBuildConfiguration;
			baseConfigurationReference = 0060027214131DFD7E0D6BB6 /* Pods-TemplateTests.release.xcconfig */;
			buildSettings = {
				ALWAYS_EMBED_SWIFT_STANDARD_LIBRARIES = YES;
				BUNDLE_LOADER = "$(TEST_HOST)";
				CODE_SIGN_STYLE = Automatic;
				CURRENT_PROJECT_VERSION = 1;
				DEVELOPMENT_TEAM = 29JU3556U2;
				GENERATE_INFOPLIST_FILE = YES;
				IPHONEOS_DEPLOYMENT_TARGET = 17.5;
				MARKETING_VERSION = 1.0;
				PRODUCT_BUNDLE_IDENTIFIER = com.example.TemplateTests;
				PRODUCT_NAME = "$(TARGET_NAME)";
				SWIFT_EMIT_LOC_STRINGS = NO;
				SWIFT_VERSION = 5.0;
				TARGETED_DEVICE_FAMILY = "1,2";
				TEST_HOST = "$(BUILT_PRODUCTS_DIR)/Template.app/$(BUNDLE_EXECUTABLE_FOLDER_PATH)/Template";
			};
			name = Release;
		};
		CEF208342BFADF0400212C47 /* Debug */ = {
			isa = XCBuildConfiguration;
			baseConfigurationReference = 6796334C6731ACC1EF9B0495 /* Pods-Template-TemplateUITests.debug.xcconfig */;
			buildSettings = {
				ALWAYS_EMBED_SWIFT_STANDARD_LIBRARIES = YES;
				CODE_SIGN_STYLE = Automatic;
				CURRENT_PROJECT_VERSION = 1;
				DEVELOPMENT_TEAM = 29JU3556U2;
				GENERATE_INFOPLIST_FILE = YES;
				MARKETING_VERSION = 1.0;
				PRODUCT_BUNDLE_IDENTIFIER = com.example.TemplateUITests;
				PRODUCT_NAME = "$(TARGET_NAME)";
				SWIFT_EMIT_LOC_STRINGS = NO;
				SWIFT_VERSION = 5.0;
				TARGETED_DEVICE_FAMILY = "1,2";
				TEST_TARGET_NAME = Template;
			};
			name = Debug;
		};
		CEF208352BFADF0400212C47 /* Release */ = {
			isa = XCBuildConfiguration;
			baseConfigurationReference = 25775AFFFA2829D583ECA80E /* Pods-Template-TemplateUITests.release.xcconfig */;
			buildSettings = {
				ALWAYS_EMBED_SWIFT_STANDARD_LIBRARIES = YES;
				CODE_SIGN_STYLE = Automatic;
				CURRENT_PROJECT_VERSION = 1;
				DEVELOPMENT_TEAM = 29JU3556U2;
				GENERATE_INFOPLIST_FILE = YES;
				MARKETING_VERSION = 1.0;
				PRODUCT_BUNDLE_IDENTIFIER = com.example.TemplateUITests;
				PRODUCT_NAME = "$(TARGET_NAME)";
				SWIFT_EMIT_LOC_STRINGS = NO;
				SWIFT_VERSION = 5.0;
				TARGETED_DEVICE_FAMILY = "1,2";
				TEST_TARGET_NAME = Template;
			};
			name = Release;
		};
/* End XCBuildConfiguration section */

/* Begin XCConfigurationList section */
		CEF208042BFADF0100212C47 /* Build configuration list for PBXProject "Template" */ = {
			isa = XCConfigurationList;
			buildConfigurations = (
				CEF2082B2BFADF0400212C47 /* Debug */,
				CEF2082C2BFADF0400212C47 /* Release */,
			);
			defaultConfigurationIsVisible = 0;
			defaultConfigurationName = Release;
		};
		CEF2082D2BFADF0400212C47 /* Build configuration list for PBXNativeTarget "Template" */ = {
			isa = XCConfigurationList;
			buildConfigurations = (
				CEF2082E2BFADF0400212C47 /* Debug */,
				CEF2082F2BFADF0400212C47 /* Release */,
			);
			defaultConfigurationIsVisible = 0;
			defaultConfigurationName = Release;
		};
		CEF208302BFADF0400212C47 /* Build configuration list for PBXNativeTarget "TemplateTests" */ = {
			isa = XCConfigurationList;
			buildConfigurations = (
				CEF208312BFADF0400212C47 /* Debug */,
				CEF208322BFADF0400212C47 /* Release */,
			);
			defaultConfigurationIsVisible = 0;
			defaultConfigurationName = Release;
		};
		CEF208332BFADF0400212C47 /* Build configuration list for PBXNativeTarget "TemplateUITests" */ = {
			isa = XCConfigurationList;
			buildConfigurations = (
				CEF208342BFADF0400212C47 /* Debug */,
				CEF208352BFADF0400212C47 /* Release */,
			);
			defaultConfigurationIsVisible = 0;
			defaultConfigurationName = Release;
		};
/* End XCConfigurationList section */
	};
	rootObject = CEF208012BFADF0100212C47 /* Project object */;
}
